
Microsoft Visual Studio Solution File, Format Version 12.00
# Visual Studio 15
Project("{FAE04EC0-301F-11D3-BF4B-00C04F79EFBC}") = "Oculus.Platform", "Oculus.Platform.csproj", "{BD56F4B8-7747-5655-BD43-AB267340D57B}"
EndProject
Project("{FAE04EC0-301F-11D3-BF4B-00C04F79EFBC}") = "Assembly-CSharp", "Assembly-CSharp.csproj", "{8C1F1396-C26B-0D48-8A37-031B04DC1CFD}"
EndProject
Project("{FAE04EC0-301F-11D3-BF4B-00C04F79EFBC}") = "Oculus.Spatializer", "Oculus.Spatializer.csproj", "{874F6DAB-3ED3-1FE3-B301-10B0609C818A}"
EndProject
Project("{FAE04EC0-301F-11D3-BF4B-00C04F79EFBC}") = "Oculus.Interaction", "Oculus.Interaction.csproj", "{2FA0391B-4365-3E9A-BF30-FA8BC2D8FCA7}"
EndProject
Project("{FAE04EC0-301F-11D3-BF4B-00C04F79EFBC}") = "Meta.WitAi", "Meta.WitAi.csproj", "{E6891E91-61D2-D24B-3822-2D3EDAB9E285}"
EndProject
Project("{FAE04EC0-301F-11D3-BF4B-00C04F79EFBC}") = "Oculus.Interaction.OVR.Samples", "Oculus.Interaction.OVR.Samples.csproj", "{9CD29E9B-9B67-D32C-AD1E-888CE1030274}"
EndProject
Project("{FAE04EC0-301F-11D3-BF4B-00C04F79EFBC}") = "Oculus.VR", "Oculus.VR.csproj", "{C64EFFA3-F92A-5ADF-1025-51487028BFF1}"
EndProject
Project("{FAE04EC0-301F-11D3-BF4B-00C04F79EFBC}") = "VoiceSDK.Dictation.Runtime", "VoiceSDK.Dictation.Runtime.csproj", "{ACC303A4-F3C4-A461-4490-723EB6BC5285}"
EndProject
Project("{FAE04EC0-301F-11D3-BF4B-00C04F79EFBC}") = "Meta.WitAi.TTS", "Meta.WitAi.TTS.csproj", "{08842AFB-9848-3784-9E3C-7B9367AAEBED}"
EndProject
Project("{FAE04EC0-301F-11D3-BF4B-00C04F79EFBC}") = "Oculus.AudioManager", "Oculus.AudioManager.csproj", "{9C163A25-2403-606A-1229-8152D967B9F6}"
EndProject
Project("{FAE04EC0-301F-11D3-BF4B-00C04F79EFBC}") = "VoiceSDK.Runtime", "VoiceSDK.Runtime.csproj", "{4EDF5219-2C70-9996-AE38-5B753BB86CF7}"
EndProject
Project("{FAE04EC0-301F-11D3-BF4B-00C04F79EFBC}") = "Facebook.Wit.Dictation", "Facebook.Wit.Dictation.csproj", "{C40B75A7-45CE-F7F0-04D5-3D286DA92678}"
EndProject
Project("{FAE04EC0-301F-11D3-BF4B-00C04F79EFBC}") = "Meta.WitAi.TTS.Samples", "Meta.WitAi.TTS.Samples.csproj", "{86B027D2-14C8-B8AB-AC3D-5536E7B5FABE}"
EndProject
Project("{FAE04EC0-301F-11D3-BF4B-00C04F79EFBC}") = "Oculus.Voice.Demo", "Oculus.Voice.Demo.csproj", "{B77C7F98-F46D-A09D-3D54-6F4552FE6292}"
EndProject
Project("{FAE04EC0-301F-11D3-BF4B-00C04F79EFBC}") = "Meta.WitAi.Lib", "Meta.WitAi.Lib.csproj", "{84BEAB95-E61F-F704-6DF0-8112F001DE29}"
EndProject
Project("{FAE04EC0-301F-11D3-BF4B-00C04F79EFBC}") = "Oculus.Interaction.OVR", "Oculus.Interaction.OVR.csproj", "{52E18EC8-6ADF-DC94-2D09-46D0E5D23D97}"
EndProject
Project("{FAE04EC0-301F-11D3-BF4B-00C04F79EFBC}") = "AssistantCoreSDKRuntime", "AssistantCoreSDKRuntime.csproj", "{1469FD21-3D3F-A156-6073-1F99221BF0CB}"
EndProject
Project("{FAE04EC0-301F-11D3-BF4B-00C04F79EFBC}") = "Meta.WitAi.Conduit", "Meta.WitAi.Conduit.csproj", "{B39ABA02-C6CA-AA9B-9DBC-30502CC5447E}"
EndProject
Project("{FAE04EC0-301F-11D3-BF4B-00C04F79EFBC}") = "Oculus.LipSync", "Oculus.LipSync.csproj", "{ED74EF5F-92B7-0EA0-4CFC-B5A8D60A43A9}"
EndProject
Project("{FAE04EC0-301F-11D3-BF4B-00C04F79EFBC}") = "Meta.VoiceSDK.Mic.Other", "Meta.VoiceSDK.Mic.Other.csproj", "{277D9014-09D2-5EBC-65C8-169E1F440B75}"
EndProject
Project("{FAE04EC0-301F-11D3-BF4B-00C04F79EFBC}") = "Meta.VoiceSDK.Mic.Common", "Meta.VoiceSDK.Mic.Common.csproj", "{00CCD2DB-3754-0A8A-7EBD-B804E1EAA88C}"
EndProject
Project("{FAE04EC0-301F-11D3-BF4B-00C04F79EFBC}") = "Meta.WitAi.Editor", "Meta.WitAi.Editor.csproj", "{8A324B2B-60AD-DAB0-F6A5-572760E05E6E}"
EndProject
Project("{FAE04EC0-301F-11D3-BF4B-00C04F79EFBC}") = "Meta.WitAi.Conduit.Editor", "Meta.WitAi.Conduit.Editor.csproj", "{87242856-D9F8-592C-985D-EBAE46ECDC20}"
EndProject
Project("{FAE04EC0-301F-11D3-BF4B-00C04F79EFBC}") = "Oculus.Interaction.Editor", "Oculus.Interaction.Editor.csproj", "{F1702024-1CA4-2C64-1FD0-E4C58E674BC6}"
EndProject
Project("{FAE04EC0-301F-11D3-BF4B-00C04F79EFBC}") = "Meta.WitAI.Lib.Editor", "Meta.WitAI.Lib.Editor.csproj", "{9C61AB3A-FC23-4F31-7EE7-6A4C80B5CE4E}"
EndProject
Project("{FAE04EC0-301F-11D3-BF4B-00C04F79EFBC}") = "Oculus.VR.Editor", "Oculus.VR.Editor.csproj", "{B63A3D85-2A26-6C0F-3E11-3E801F00E4BB}"
EndProject
Project("{FAE04EC0-301F-11D3-BF4B-00C04F79EFBC}") = "Oculus.Interaction.OVR.Editor", "Oculus.Interaction.OVR.Editor.csproj", "{617CD974-C626-1555-1D7A-E950CBB8622B}"
EndProject
Project("{FAE04EC0-301F-11D3-BF4B-00C04F79EFBC}") = "Assembly-CSharp-Editor", "Assembly-CSharp-Editor.csproj", "{659123BC-5979-F0DB-BD2F-FC7A409AFD64}"
EndProject
Project("{FAE04EC0-301F-11D3-BF4B-00C04F79EFBC}") = "Oculus.Interaction.Samples.Editor", "Oculus.Interaction.Samples.Editor.csproj", "{4A5B9C23-AC1B-1FF9-5937-55CB57DF9016}"
EndProject
Project("{FAE04EC0-301F-11D3-BF4B-00C04F79EFBC}") = "Oculus.VR.Scripts.Editor", "Oculus.VR.Scripts.Editor.csproj", "{A42890E7-1E8C-6201-4A65-0ED5D33BFBF9}"
EndProject
Project("{FAE04EC0-301F-11D3-BF4B-00C04F79EFBC}") = "VoiceSDK.Editor", "VoiceSDK.Editor.csproj", "{6BB24C7C-820A-F91B-FDE6-FC7B89974CC5}"
EndProject
Project("{FAE04EC0-301F-11D3-BF4B-00C04F79EFBC}") = "Oculus.Spatializer.Editor", "Oculus.Spatializer.Editor.csproj", "{D5430CFD-35BD-ACA0-A8DF-8AFBBF5BA6B3}"
EndProject
Project("{FAE04EC0-301F-11D3-BF4B-00C04F79EFBC}") = "Meta.WitAi.TTS.Editor", "Meta.WitAi.TTS.Editor.csproj", "{D4E6F093-9D4A-CF3C-E919-6510FCDBFAE3}"
EndProject
Project("{FAE04EC0-301F-11D3-BF4B-00C04F79EFBC}") = "Facebook.Wit.Dictation.Editor", "Facebook.Wit.Dictation.Editor.csproj", "{1074937C-5567-2C7E-955E-8EB57BD71828}"
EndProject
Project("{FAE04EC0-301F-11D3-BF4B-00C04F79EFBC}") = "VoiceSDK.Dictation.Editor", "VoiceSDK.Dictation.Editor.csproj", "{D83B2777-B7CB-E73E-DC49-B4997F387DDB}"
EndProject
Project("{FAE04EC0-301F-11D3-BF4B-00C04F79EFBC}") = "Oculus.Platform.Editor", "Oculus.Platform.Editor.csproj", "{5F8ADEF2-CF98-734A-547D-4C1467D4D55C}"
EndProject
Project("{FAE04EC0-301F-11D3-BF4B-00C04F79EFBC}") = "Oculus.AudioManager.Audio.Editor", "Oculus.AudioManager.Audio.Editor.csproj", "{7E7DD590-13A6-078E-85DD-161B3E837396}"
EndProject
Project("{FAE04EC0-301F-11D3-BF4B-00C04F79EFBC}") = "Oculus.Interaction.InterfaceSupport", "Oculus.Interaction.InterfaceSupport.csproj", "{59791E80-10D0-4A44-DC27-D06FA857139F}"
EndProject
Project("{FAE04EC0-301F-11D3-BF4B-00C04F79EFBC}") = "Oculus.LipSync.Editor", "Oculus.LipSync.Editor.csproj", "{97A25E6C-3A1D-1C1D-8BD7-9FCF436A47F4}"
EndProject
Project("{FAE04EC0-301F-11D3-BF4B-00C04F79EFBC}") = "AssistantCoreSDKEditor", "AssistantCoreSDKEditor.csproj", "{DD5008AA-650B-1F75-5F01-0612A41CB9D0}"
EndProject
Project("{FAE04EC0-301F-11D3-BF4B-00C04F79EFBC}") = "Oculus.AudioManager.Utils.Editor", "Oculus.AudioManager.Utils.Editor.csproj", "{DAF29492-7967-C31C-14D3-1F2DFC11E44C}"
EndProject
Global
	GlobalSection(SolutionConfigurationPlatforms) = preSolution
		Debug|Any CPU = Debug|Any CPU
		Release|Any CPU = Release|Any CPU
	EndGlobalSection
	GlobalSection(ProjectConfigurationPlatforms) = postSolution
		{BD56F4B8-7747-5655-BD43-AB267340D57B}.Debug|Any CPU.ActiveCfg = Debug|Any CPU
		{BD56F4B8-7747-5655-BD43-AB267340D57B}.Debug|Any CPU.Build.0 = Debug|Any CPU
		{BD56F4B8-7747-5655-BD43-AB267340D57B}.Release|Any CPU.ActiveCfg = Release|Any CPU
		{BD56F4B8-7747-5655-BD43-AB267340D57B}.Release|Any CPU.Build.0 = Release|Any CPU
		{8C1F1396-C26B-0D48-8A37-031B04DC1CFD}.Debug|Any CPU.ActiveCfg = Debug|Any CPU
		{8C1F1396-C26B-0D48-8A37-031B04DC1CFD}.Debug|Any CPU.Build.0 = Debug|Any CPU
		{8C1F1396-C26B-0D48-8A37-031B04DC1CFD}.Release|Any CPU.ActiveCfg = Release|Any CPU
		{8C1F1396-C26B-0D48-8A37-031B04DC1CFD}.Release|Any CPU.Build.0 = Release|Any CPU
		{874F6DAB-3ED3-1FE3-B301-10B0609C818A}.Debug|Any CPU.ActiveCfg = Debug|Any CPU
		{874F6DAB-3ED3-1FE3-B301-10B0609C818A}.Debug|Any CPU.Build.0 = Debug|Any CPU
		{874F6DAB-3ED3-1FE3-B301-10B0609C818A}.Release|Any CPU.ActiveCfg = Release|Any CPU
		{874F6DAB-3ED3-1FE3-B301-10B0609C818A}.Release|Any CPU.Build.0 = Release|Any CPU
		{2FA0391B-4365-3E9A-BF30-FA8BC2D8FCA7}.Debug|Any CPU.ActiveCfg = Debug|Any CPU
		{2FA0391B-4365-3E9A-BF30-FA8BC2D8FCA7}.Debug|Any CPU.Build.0 = Debug|Any CPU
		{2FA0391B-4365-3E9A-BF30-FA8BC2D8FCA7}.Release|Any CPU.ActiveCfg = Release|Any CPU
		{2FA0391B-4365-3E9A-BF30-FA8BC2D8FCA7}.Release|Any CPU.Build.0 = Release|Any CPU
		{E6891E91-61D2-D24B-3822-2D3EDAB9E285}.Debug|Any CPU.ActiveCfg = Debug|Any CPU
		{E6891E91-61D2-D24B-3822-2D3EDAB9E285}.Debug|Any CPU.Build.0 = Debug|Any CPU
		{E6891E91-61D2-D24B-3822-2D3EDAB9E285}.Release|Any CPU.ActiveCfg = Release|Any CPU
		{E6891E91-61D2-D24B-3822-2D3EDAB9E285}.Release|Any CPU.Build.0 = Release|Any CPU
		{9CD29E9B-9B67-D32C-AD1E-888CE1030274}.Debug|Any CPU.ActiveCfg = Debug|Any CPU
		{9CD29E9B-9B67-D32C-AD1E-888CE1030274}.Debug|Any CPU.Build.0 = Debug|Any CPU
		{9CD29E9B-9B67-D32C-AD1E-888CE1030274}.Release|Any CPU.ActiveCfg = Release|Any CPU
		{9CD29E9B-9B67-D32C-AD1E-888CE1030274}.Release|Any CPU.Build.0 = Release|Any CPU
		{C64EFFA3-F92A-5ADF-1025-51487028BFF1}.Debug|Any CPU.ActiveCfg = Debug|Any CPU
		{C64EFFA3-F92A-5ADF-1025-51487028BFF1}.Debug|Any CPU.Build.0 = Debug|Any CPU
		{C64EFFA3-F92A-5ADF-1025-51487028BFF1}.Release|Any CPU.ActiveCfg = Release|Any CPU
		{C64EFFA3-F92A-5ADF-1025-51487028BFF1}.Release|Any CPU.Build.0 = Release|Any CPU
		{ACC303A4-F3C4-A461-4490-723EB6BC5285}.Debug|Any CPU.ActiveCfg = Debug|Any CPU
		{ACC303A4-F3C4-A461-4490-723EB6BC5285}.Debug|Any CPU.Build.0 = Debug|Any CPU
		{ACC303A4-F3C4-A461-4490-723EB6BC5285}.Release|Any CPU.ActiveCfg = Release|Any CPU
		{ACC303A4-F3C4-A461-4490-723EB6BC5285}.Release|Any CPU.Build.0 = Release|Any CPU
		{08842AFB-9848-3784-9E3C-7B9367AAEBED}.Debug|Any CPU.ActiveCfg = Debug|Any CPU
		{08842AFB-9848-3784-9E3C-7B9367AAEBED}.Debug|Any CPU.Build.0 = Debug|Any CPU
		{08842AFB-9848-3784-9E3C-7B9367AAEBED}.Release|Any CPU.ActiveCfg = Release|Any CPU
		{08842AFB-9848-3784-9E3C-7B9367AAEBED}.Release|Any CPU.Build.0 = Release|Any CPU
		{9C163A25-2403-606A-1229-8152D967B9F6}.Debug|Any CPU.ActiveCfg = Debug|Any CPU
		{9C163A25-2403-606A-1229-8152D967B9F6}.Debug|Any CPU.Build.0 = Debug|Any CPU
		{9C163A25-2403-606A-1229-8152D967B9F6}.Release|Any CPU.ActiveCfg = Release|Any CPU
		{9C163A25-2403-606A-1229-8152D967B9F6}.Release|Any CPU.Build.0 = Release|Any CPU
		{4EDF5219-2C70-9996-AE38-5B753BB86CF7}.Debug|Any CPU.ActiveCfg = Debug|Any CPU
		{4EDF5219-2C70-9996-AE38-5B753BB86CF7}.Debug|Any CPU.Build.0 = Debug|Any CPU
		{4EDF5219-2C70-9996-AE38-5B753BB86CF7}.Release|Any CPU.ActiveCfg = Release|Any CPU
		{4EDF5219-2C70-9996-AE38-5B753BB86CF7}.Release|Any CPU.Build.0 = Release|Any CPU
		{C40B75A7-45CE-F7F0-04D5-3D286DA92678}.Debug|Any CPU.ActiveCfg = Debug|Any CPU
		{C40B75A7-45CE-F7F0-04D5-3D286DA92678}.Debug|Any CPU.Build.0 = Debug|Any CPU
		{C40B75A7-45CE-F7F0-04D5-3D286DA92678}.Release|Any CPU.ActiveCfg = Release|Any CPU
		{C40B75A7-45CE-F7F0-04D5-3D286DA92678}.Release|Any CPU.Build.0 = Release|Any CPU
		{86B027D2-14C8-B8AB-AC3D-5536E7B5FABE}.Debug|Any CPU.ActiveCfg = Debug|Any CPU
		{86B027D2-14C8-B8AB-AC3D-5536E7B5FABE}.Debug|Any CPU.Build.0 = Debug|Any CPU
		{86B027D2-14C8-B8AB-AC3D-5536E7B5FABE}.Release|Any CPU.ActiveCfg = Release|Any CPU
		{86B027D2-14C8-B8AB-AC3D-5536E7B5FABE}.Release|Any CPU.Build.0 = Release|Any CPU
		{B77C7F98-F46D-A09D-3D54-6F4552FE6292}.Debug|Any CPU.ActiveCfg = Debug|Any CPU
		{B77C7F98-F46D-A09D-3D54-6F4552FE6292}.Debug|Any CPU.Build.0 = Debug|Any CPU
		{B77C7F98-F46D-A09D-3D54-6F4552FE6292}.Release|Any CPU.ActiveCfg = Release|Any CPU
		{B77C7F98-F46D-A09D-3D54-6F4552FE6292}.Release|Any CPU.Build.0 = Release|Any CPU
		{84BEAB95-E61F-F704-6DF0-8112F001DE29}.Debug|Any CPU.ActiveCfg = Debug|Any CPU
		{84BEAB95-E61F-F704-6DF0-8112F001DE29}.Debug|Any CPU.Build.0 = Debug|Any CPU
		{84BEAB95-E61F-F704-6DF0-8112F001DE29}.Release|Any CPU.ActiveCfg = Release|Any CPU
		{84BEAB95-E61F-F704-6DF0-8112F001DE29}.Release|Any CPU.Build.0 = Release|Any CPU
		{52E18EC8-6ADF-DC94-2D09-46D0E5D23D97}.Debug|Any CPU.ActiveCfg = Debug|Any CPU
		{52E18EC8-6ADF-DC94-2D09-46D0E5D23D97}.Debug|Any CPU.Build.0 = Debug|Any CPU
		{52E18EC8-6ADF-DC94-2D09-46D0E5D23D97}.Release|Any CPU.ActiveCfg = Release|Any CPU
		{52E18EC8-6ADF-DC94-2D09-46D0E5D23D97}.Release|Any CPU.Build.0 = Release|Any CPU
		{1469FD21-3D3F-A156-6073-1F99221BF0CB}.Debug|Any CPU.ActiveCfg = Debug|Any CPU
		{1469FD21-3D3F-A156-6073-1F99221BF0CB}.Debug|Any CPU.Build.0 = Debug|Any CPU
		{1469FD21-3D3F-A156-6073-1F99221BF0CB}.Release|Any CPU.ActiveCfg = Release|Any CPU
		{1469FD21-3D3F-A156-6073-1F99221BF0CB}.Release|Any CPU.Build.0 = Release|Any CPU
		{B39ABA02-C6CA-AA9B-9DBC-30502CC5447E}.Debug|Any CPU.ActiveCfg = Debug|Any CPU
		{B39ABA02-C6CA-AA9B-9DBC-30502CC5447E}.Debug|Any CPU.Build.0 = Debug|Any CPU
		{B39ABA02-C6CA-AA9B-9DBC-30502CC5447E}.Release|Any CPU.ActiveCfg = Release|Any CPU
		{B39ABA02-C6CA-AA9B-9DBC-30502CC5447E}.Release|Any CPU.Build.0 = Release|Any CPU
		{ED74EF5F-92B7-0EA0-4CFC-B5A8D60A43A9}.Debug|Any CPU.ActiveCfg = Debug|Any CPU
		{ED74EF5F-92B7-0EA0-4CFC-B5A8D60A43A9}.Debug|Any CPU.Build.0 = Debug|Any CPU
		{ED74EF5F-92B7-0EA0-4CFC-B5A8D60A43A9}.Release|Any CPU.ActiveCfg = Release|Any CPU
		{ED74EF5F-92B7-0EA0-4CFC-B5A8D60A43A9}.Release|Any CPU.Build.0 = Release|Any CPU
		{277D9014-09D2-5EBC-65C8-169E1F440B75}.Debug|Any CPU.ActiveCfg = Debug|Any CPU
		{277D9014-09D2-5EBC-65C8-169E1F440B75}.Debug|Any CPU.Build.0 = Debug|Any CPU
		{277D9014-09D2-5EBC-65C8-169E1F440B75}.Release|Any CPU.ActiveCfg = Release|Any CPU
		{277D9014-09D2-5EBC-65C8-169E1F440B75}.Release|Any CPU.Build.0 = Release|Any CPU
		{00CCD2DB-3754-0A8A-7EBD-B804E1EAA88C}.Debug|Any CPU.ActiveCfg = Debug|Any CPU
		{00CCD2DB-3754-0A8A-7EBD-B804E1EAA88C}.Debug|Any CPU.Build.0 = Debug|Any CPU
		{00CCD2DB-3754-0A8A-7EBD-B804E1EAA88C}.Release|Any CPU.ActiveCfg = Release|Any CPU
		{00CCD2DB-3754-0A8A-7EBD-B804E1EAA88C}.Release|Any CPU.Build.0 = Release|Any CPU
		{8A324B2B-60AD-DAB0-F6A5-572760E05E6E}.Debug|Any CPU.ActiveCfg = Debug|Any CPU
		{8A324B2B-60AD-DAB0-F6A5-572760E05E6E}.Debug|Any CPU.Build.0 = Debug|Any CPU
		{8A324B2B-60AD-DAB0-F6A5-572760E05E6E}.Release|Any CPU.ActiveCfg = Release|Any CPU
		{8A324B2B-60AD-DAB0-F6A5-572760E05E6E}.Release|Any CPU.Build.0 = Release|Any CPU
		{87242856-D9F8-592C-985D-EBAE46ECDC20}.Debug|Any CPU.ActiveCfg = Debug|Any CPU
		{87242856-D9F8-592C-985D-EBAE46ECDC20}.Debug|Any CPU.Build.0 = Debug|Any CPU
		{87242856-D9F8-592C-985D-EBAE46ECDC20}.Release|Any CPU.ActiveCfg = Release|Any CPU
		{87242856-D9F8-592C-985D-EBAE46ECDC20}.Release|Any CPU.Build.0 = Release|Any CPU
		{F1702024-1CA4-2C64-1FD0-E4C58E674BC6}.Debug|Any CPU.ActiveCfg = Debug|Any CPU
		{F1702024-1CA4-2C64-1FD0-E4C58E674BC6}.Debug|Any CPU.Build.0 = Debug|Any CPU
		{F1702024-1CA4-2C64-1FD0-E4C58E674BC6}.Release|Any CPU.ActiveCfg = Release|Any CPU
		{F1702024-1CA4-2C64-1FD0-E4C58E674BC6}.Release|Any CPU.Build.0 = Release|Any CPU
		{9C61AB3A-FC23-4F31-7EE7-6A4C80B5CE4E}.Debug|Any CPU.ActiveCfg = Debug|Any CPU
		{9C61AB3A-FC23-4F31-7EE7-6A4C80B5CE4E}.Debug|Any CPU.Build.0 = Debug|Any CPU
		{9C61AB3A-FC23-4F31-7EE7-6A4C80B5CE4E}.Release|Any CPU.ActiveCfg = Release|Any CPU
		{9C61AB3A-FC23-4F31-7EE7-6A4C80B5CE4E}.Release|Any CPU.Build.0 = Release|Any CPU
		{B63A3D85-2A26-6C0F-3E11-3E801F00E4BB}.Debug|Any CPU.ActiveCfg = Debug|Any CPU
		{B63A3D85-2A26-6C0F-3E11-3E801F00E4BB}.Debug|Any CPU.Build.0 = Debug|Any CPU
		{B63A3D85-2A26-6C0F-3E11-3E801F00E4BB}.Release|Any CPU.ActiveCfg = Release|Any CPU
		{B63A3D85-2A26-6C0F-3E11-3E801F00E4BB}.Release|Any CPU.Build.0 = Release|Any CPU
		{617CD974-C626-1555-1D7A-E950CBB8622B}.Debug|Any CPU.ActiveCfg = Debug|Any CPU
		{617CD974-C626-1555-1D7A-E950CBB8622B}.Debug|Any CPU.Build.0 = Debug|Any CPU
		{617CD974-C626-1555-1D7A-E950CBB8622B}.Release|Any CPU.ActiveCfg = Release|Any CPU
		{617CD974-C626-1555-1D7A-E950CBB8622B}.Release|Any CPU.Build.0 = Release|Any CPU
		{659123BC-5979-F0DB-BD2F-FC7A409AFD64}.Debug|Any CPU.ActiveCfg = Debug|Any CPU
		{659123BC-5979-F0DB-BD2F-FC7A409AFD64}.Debug|Any CPU.Build.0 = Debug|Any CPU
		{659123BC-5979-F0DB-BD2F-FC7A409AFD64}.Release|Any CPU.ActiveCfg = Release|Any CPU
		{659123BC-5979-F0DB-BD2F-FC7A409AFD64}.Release|Any CPU.Build.0 = Release|Any CPU
		{4A5B9C23-AC1B-1FF9-5937-55CB57DF9016}.Debug|Any CPU.ActiveCfg = Debug|Any CPU
		{4A5B9C23-AC1B-1FF9-5937-55CB57DF9016}.Debug|Any CPU.Build.0 = Debug|Any CPU
		{4A5B9C23-AC1B-1FF9-5937-55CB57DF9016}.Release|Any CPU.ActiveCfg = Release|Any CPU
		{4A5B9C23-AC1B-1FF9-5937-55CB57DF9016}.Release|Any CPU.Build.0 = Release|Any CPU
		{A42890E7-1E8C-6201-4A65-0ED5D33BFBF9}.Debug|Any CPU.ActiveCfg = Debug|Any CPU
		{A42890E7-1E8C-6201-4A65-0ED5D33BFBF9}.Debug|Any CPU.Build.0 = Debug|Any CPU
		{A42890E7-1E8C-6201-4A65-0ED5D33BFBF9}.Release|Any CPU.ActiveCfg = Release|Any CPU
		{A42890E7-1E8C-6201-4A65-0ED5D33BFBF9}.Release|Any CPU.Build.0 = Release|Any CPU
		{6BB24C7C-820A-F91B-FDE6-FC7B89974CC5}.Debug|Any CPU.ActiveCfg = Debug|Any CPU
		{6BB24C7C-820A-F91B-FDE6-FC7B89974CC5}.Debug|Any CPU.Build.0 = Debug|Any CPU
		{6BB24C7C-820A-F91B-FDE6-FC7B89974CC5}.Release|Any CPU.ActiveCfg = Release|Any CPU
		{6BB24C7C-820A-F91B-FDE6-FC7B89974CC5}.Release|Any CPU.Build.0 = Release|Any CPU
		{D5430CFD-35BD-ACA0-A8DF-8AFBBF5BA6B3}.Debug|Any CPU.ActiveCfg = Debug|Any CPU
		{D5430CFD-35BD-ACA0-A8DF-8AFBBF5BA6B3}.Debug|Any CPU.Build.0 = Debug|Any CPU
		{D5430CFD-35BD-ACA0-A8DF-8AFBBF5BA6B3}.Release|Any CPU.ActiveCfg = Release|Any CPU
		{D5430CFD-35BD-ACA0-A8DF-8AFBBF5BA6B3}.Release|Any CPU.Build.0 = Release|Any CPU
		{D4E6F093-9D4A-CF3C-E919-6510FCDBFAE3}.Debug|Any CPU.ActiveCfg = Debug|Any CPU
		{D4E6F093-9D4A-CF3C-E919-6510FCDBFAE3}.Debug|Any CPU.Build.0 = Debug|Any CPU
		{D4E6F093-9D4A-CF3C-E919-6510FCDBFAE3}.Release|Any CPU.ActiveCfg = Release|Any CPU
		{D4E6F093-9D4A-CF3C-E919-6510FCDBFAE3}.Release|Any CPU.Build.0 = Release|Any CPU
		{1074937C-5567-2C7E-955E-8EB57BD71828}.Debug|Any CPU.ActiveCfg = Debug|Any CPU
		{1074937C-5567-2C7E-955E-8EB57BD71828}.Debug|Any CPU.Build.0 = Debug|Any CPU
		{1074937C-5567-2C7E-955E-8EB57BD71828}.Release|Any CPU.ActiveCfg = Release|Any CPU
		{1074937C-5567-2C7E-955E-8EB57BD71828}.Release|Any CPU.Build.0 = Release|Any CPU
		{D83B2777-B7CB-E73E-DC49-B4997F387DDB}.Debug|Any CPU.ActiveCfg = Debug|Any CPU
		{D83B2777-B7CB-E73E-DC49-B4997F387DDB}.Debug|Any CPU.Build.0 = Debug|Any CPU
		{D83B2777-B7CB-E73E-DC49-B4997F387DDB}.Release|Any CPU.ActiveCfg = Release|Any CPU
		{D83B2777-B7CB-E73E-DC49-B4997F387DDB}.Release|Any CPU.Build.0 = Release|Any CPU
		{5F8ADEF2-CF98-734A-547D-4C1467D4D55C}.Debug|Any CPU.ActiveCfg = Debug|Any CPU
		{5F8ADEF2-CF98-734A-547D-4C1467D4D55C}.Debug|Any CPU.Build.0 = Debug|Any CPU
		{5F8ADEF2-CF98-734A-547D-4C1467D4D55C}.Release|Any CPU.ActiveCfg = Release|Any CPU
		{5F8ADEF2-CF98-734A-547D-4C1467D4D55C}.Release|Any CPU.Build.0 = Release|Any CPU
		{7E7DD590-13A6-078E-85DD-161B3E837396}.Debug|Any CPU.ActiveCfg = Debug|Any CPU
		{7E7DD590-13A6-078E-85DD-161B3E837396}.Debug|Any CPU.Build.0 = Debug|Any CPU
		{7E7DD590-13A6-078E-85DD-161B3E837396}.Release|Any CPU.ActiveCfg = Release|Any CPU
		{7E7DD590-13A6-078E-85DD-161B3E837396}.Release|Any CPU.Build.0 = Release|Any CPU
		{59791E80-10D0-4A44-DC27-D06FA857139F}.Debug|Any CPU.ActiveCfg = Debug|Any CPU
		{59791E80-10D0-4A44-DC27-D06FA857139F}.Debug|Any CPU.Build.0 = Debug|Any CPU
		{59791E80-10D0-4A44-DC27-D06FA857139F}.Release|Any CPU.ActiveCfg = Release|Any CPU
		{59791E80-10D0-4A44-DC27-D06FA857139F}.Release|Any CPU.Build.0 = Release|Any CPU
		{97A25E6C-3A1D-1C1D-8BD7-9FCF436A47F4}.Debug|Any CPU.ActiveCfg = Debug|Any CPU
		{97A25E6C-3A1D-1C1D-8BD7-9FCF436A47F4}.Debug|Any CPU.Build.0 = Debug|Any CPU
		{97A25E6C-3A1D-1C1D-8BD7-9FCF436A47F4}.Release|Any CPU.ActiveCfg = Release|Any CPU
		{97A25E6C-3A1D-1C1D-8BD7-9FCF436A47F4}.Release|Any CPU.Build.0 = Release|Any CPU
		{DD5008AA-650B-1F75-5F01-0612A41CB9D0}.Debug|Any CPU.ActiveCfg = Debug|Any CPU
		{DD5008AA-650B-1F75-5F01-0612A41CB9D0}.Debug|Any CPU.Build.0 = Debug|Any CPU
		{DD5008AA-650B-1F75-5F01-0612A41CB9D0}.Release|Any CPU.ActiveCfg = Release|Any CPU
		{DD5008AA-650B-1F75-5F01-0612A41CB9D0}.Release|Any CPU.Build.0 = Release|Any CPU
		{DAF29492-7967-C31C-14D3-1F2DFC11E44C}.Debug|Any CPU.ActiveCfg = Debug|Any CPU
		{DAF29492-7967-C31C-14D3-1F2DFC11E44C}.Debug|Any CPU.Build.0 = Debug|Any CPU
		{DAF29492-7967-C31C-14D3-1F2DFC11E44C}.Release|Any CPU.ActiveCfg = Release|Any CPU
		{DAF29492-7967-C31C-14D3-1F2DFC11E44C}.Release|Any CPU.Build.0 = Release|Any CPU
	EndGlobalSection
	GlobalSection(SolutionProperties) = preSolution
		HideSolutionNode = FALSE
	EndGlobalSection
EndGlobal
