
Microsoft Visual Studio Solution File, Format Version 12.00
# Visual Studio 15
Project("{FAE04EC0-301F-11D3-BF4B-00C04F79EFBC}") = "Assembly-CSharp", "Assembly-CSharp.csproj", "{6F9255E5-0E24-6B02-C122-F05E073AC9BE}"
EndProject
Project("{FAE04EC0-301F-11D3-BF4B-00C04F79EFBC}") = "PhotonUnityNetworking.Demos", "PhotonUnityNetworking.Demos.csproj", "{BDE69637-ABD4-9F5E-AC73-216EB0D12096}"
EndProject
Project("{FAE04EC0-301F-11D3-BF4B-00C04F79EFBC}") = "PhotonRealtime", "PhotonRealtime.csproj", "{322E1B40-786F-4366-CD7D-921AC51FD955}"
EndProject
Project("{FAE04EC0-301F-11D3-BF4B-00C04F79EFBC}") = "PhotonUnityNetworking", "PhotonUnityNetworking.csproj", "{E8BF144C-A027-2340-777E-4913CE8AF88E}"
EndProject
Project("{FAE04EC0-301F-11D3-BF4B-00C04F79EFBC}") = "PhotonUnityNetworking.Utilities", "PhotonUnityNetworking.Utilities.csproj", "{0DA929FB-967F-296B-F260-70C2233295DC}"
EndProject
Project("{FAE04EC0-301F-11D3-BF4B-00C04F79EFBC}") = "PhotonChat", "PhotonChat.csproj", "{FDF319F4-D92A-F20F-9D89-9B818CC536E7}"
EndProject
Project("{FAE04EC0-301F-11D3-BF4B-00C04F79EFBC}") = "PhotonUnityNetworking.Editor", "PhotonUnityNetworking.Editor.csproj", "{E450601E-D69A-17E6-09EC-74657053650C}"
EndProject
Project("{FAE04EC0-301F-11D3-BF4B-00C04F79EFBC}") = "ParrelSync", "ParrelSync.csproj", "{FAA1D581-7B46-788E-9950-D95118D5A058}"
EndProject
Project("{FAE04EC0-301F-11D3-BF4B-00C04F79EFBC}") = "PhotonUnityNetworking.Utilities.PhotonPlayer.Editor", "PhotonUnityNetworking.Utilities.PhotonPlayer.Editor.csproj", "{3DBEF827-CE49-3F38-EF5C-BD3F0294498F}"
EndProject
Project("{FAE04EC0-301F-11D3-BF4B-00C04F79EFBC}") = "PunDemos.DemoSlotcarEditor", "PunDemos.DemoSlotcarEditor.csproj", "{068EC384-C4EC-F288-EE00-4D9F10CA1188}"
EndProject
Project("{FAE04EC0-301F-11D3-BF4B-00C04F79EFBC}") = "PhotonUnityNetworking.Utilities.Culling.Editor", "PhotonUnityNetworking.Utilities.Culling.Editor.csproj", "{BDEF4205-C437-E8AB-8791-F3785D393B14}"
EndProject
Project("{FAE04EC0-301F-11D3-BF4B-00C04F79EFBC}") = "PunDemos.DemoHubEditor", "PunDemos.DemoHubEditor.csproj", "{CBEF2D40-F95E-C0BD-4D88-37914F498B99}"
EndProject
Project("{FAE04EC0-301F-11D3-BF4B-00C04F79EFBC}") = "Assembly-CSharp-Editor", "Assembly-CSharp-Editor.csproj", "{01C7E33E-BBB2-4210-2212-9307F5B79728}"
EndProject
Global
	GlobalSection(SolutionConfigurationPlatforms) = preSolution
		Debug|Any CPU = Debug|Any CPU
		Release|Any CPU = Release|Any CPU
	EndGlobalSection
	GlobalSection(ProjectConfigurationPlatforms) = postSolution
		{6F9255E5-0E24-6B02-C122-F05E073AC9BE}.Debug|Any CPU.ActiveCfg = Debug|Any CPU
		{6F9255E5-0E24-6B02-C122-F05E073AC9BE}.Debug|Any CPU.Build.0 = Debug|Any CPU
		{6F9255E5-0E24-6B02-C122-F05E073AC9BE}.Release|Any CPU.ActiveCfg = Release|Any CPU
		{6F9255E5-0E24-6B02-C122-F05E073AC9BE}.Release|Any CPU.Build.0 = Release|Any CPU
		{BDE69637-ABD4-9F5E-AC73-216EB0D12096}.Debug|Any CPU.ActiveCfg = Debug|Any CPU
		{BDE69637-ABD4-9F5E-AC73-216EB0D12096}.Debug|Any CPU.Build.0 = Debug|Any CPU
		{BDE69637-ABD4-9F5E-AC73-216EB0D12096}.Release|Any CPU.ActiveCfg = Release|Any CPU
		{BDE69637-ABD4-9F5E-AC73-216EB0D12096}.Release|Any CPU.Build.0 = Release|Any CPU
		{322E1B40-786F-4366-CD7D-921AC51FD955}.Debug|Any CPU.ActiveCfg = Debug|Any CPU
		{322E1B40-786F-4366-CD7D-921AC51FD955}.Debug|Any CPU.Build.0 = Debug|Any CPU
		{322E1B40-786F-4366-CD7D-921AC51FD955}.Release|Any CPU.ActiveCfg = Release|Any CPU
		{322E1B40-786F-4366-CD7D-921AC51FD955}.Release|Any CPU.Build.0 = Release|Any CPU
		{E8BF144C-A027-2340-777E-4913CE8AF88E}.Debug|Any CPU.ActiveCfg = Debug|Any CPU
		{E8BF144C-A027-2340-777E-4913CE8AF88E}.Debug|Any CPU.Build.0 = Debug|Any CPU
		{E8BF144C-A027-2340-777E-4913CE8AF88E}.Release|Any CPU.ActiveCfg = Release|Any CPU
		{E8BF144C-A027-2340-777E-4913CE8AF88E}.Release|Any CPU.Build.0 = Release|Any CPU
		{0DA929FB-967F-296B-F260-70C2233295DC}.Debug|Any CPU.ActiveCfg = Debug|Any CPU
		{0DA929FB-967F-296B-F260-70C2233295DC}.Debug|Any CPU.Build.0 = Debug|Any CPU
		{0DA929FB-967F-296B-F260-70C2233295DC}.Release|Any CPU.ActiveCfg = Release|Any CPU
		{0DA929FB-967F-296B-F260-70C2233295DC}.Release|Any CPU.Build.0 = Release|Any CPU
		{FDF319F4-D92A-F20F-9D89-9B818CC536E7}.Debug|Any CPU.ActiveCfg = Debug|Any CPU
		{FDF319F4-D92A-F20F-9D89-9B818CC536E7}.Debug|Any CPU.Build.0 = Debug|Any CPU
		{FDF319F4-D92A-F20F-9D89-9B818CC536E7}.Release|Any CPU.ActiveCfg = Release|Any CPU
		{FDF319F4-D92A-F20F-9D89-9B818CC536E7}.Release|Any CPU.Build.0 = Release|Any CPU
		{E450601E-D69A-17E6-09EC-74657053650C}.Debug|Any CPU.ActiveCfg = Debug|Any CPU
		{E450601E-D69A-17E6-09EC-74657053650C}.Debug|Any CPU.Build.0 = Debug|Any CPU
		{E450601E-D69A-17E6-09EC-74657053650C}.Release|Any CPU.ActiveCfg = Release|Any CPU
		{E450601E-D69A-17E6-09EC-74657053650C}.Release|Any CPU.Build.0 = Release|Any CPU
		{FAA1D581-7B46-788E-9950-D95118D5A058}.Debug|Any CPU.ActiveCfg = Debug|Any CPU
		{FAA1D581-7B46-788E-9950-D95118D5A058}.Debug|Any CPU.Build.0 = Debug|Any CPU
		{FAA1D581-7B46-788E-9950-D95118D5A058}.Release|Any CPU.ActiveCfg = Release|Any CPU
		{FAA1D581-7B46-788E-9950-D95118D5A058}.Release|Any CPU.Build.0 = Release|Any CPU
		{3DBEF827-CE49-3F38-EF5C-BD3F0294498F}.Debug|Any CPU.ActiveCfg = Debug|Any CPU
		{3DBEF827-CE49-3F38-EF5C-BD3F0294498F}.Debug|Any CPU.Build.0 = Debug|Any CPU
		{3DBEF827-CE49-3F38-EF5C-BD3F0294498F}.Release|Any CPU.ActiveCfg = Release|Any CPU
		{3DBEF827-CE49-3F38-EF5C-BD3F0294498F}.Release|Any CPU.Build.0 = Release|Any CPU
		{068EC384-C4EC-F288-EE00-4D9F10CA1188}.Debug|Any CPU.ActiveCfg = Debug|Any CPU
		{068EC384-C4EC-F288-EE00-4D9F10CA1188}.Debug|Any CPU.Build.0 = Debug|Any CPU
		{068EC384-C4EC-F288-EE00-4D9F10CA1188}.Release|Any CPU.ActiveCfg = Release|Any CPU
		{068EC384-C4EC-F288-EE00-4D9F10CA1188}.Release|Any CPU.Build.0 = Release|Any CPU
		{BDEF4205-C437-E8AB-8791-F3785D393B14}.Debug|Any CPU.ActiveCfg = Debug|Any CPU
		{BDEF4205-C437-E8AB-8791-F3785D393B14}.Debug|Any CPU.Build.0 = Debug|Any CPU
		{BDEF4205-C437-E8AB-8791-F3785D393B14}.Release|Any CPU.ActiveCfg = Release|Any CPU
		{BDEF4205-C437-E8AB-8791-F3785D393B14}.Release|Any CPU.Build.0 = Release|Any CPU
		{CBEF2D40-F95E-C0BD-4D88-37914F498B99}.Debug|Any CPU.ActiveCfg = Debug|Any CPU
		{CBEF2D40-F95E-C0BD-4D88-37914F498B99}.Debug|Any CPU.Build.0 = Debug|Any CPU
		{CBEF2D40-F95E-C0BD-4D88-37914F498B99}.Release|Any CPU.ActiveCfg = Release|Any CPU
		{CBEF2D40-F95E-C0BD-4D88-37914F498B99}.Release|Any CPU.Build.0 = Release|Any CPU
		{01C7E33E-BBB2-4210-2212-9307F5B79728}.Debug|Any CPU.ActiveCfg = Debug|Any CPU
		{01C7E33E-BBB2-4210-2212-9307F5B79728}.Debug|Any CPU.Build.0 = Debug|Any CPU
		{01C7E33E-BBB2-4210-2212-9307F5B79728}.Release|Any CPU.ActiveCfg = Release|Any CPU
		{01C7E33E-BBB2-4210-2212-9307F5B79728}.Release|Any CPU.Build.0 = Release|Any CPU
	EndGlobalSection
	GlobalSection(SolutionProperties) = preSolution
		HideSolutionNode = FALSE
	EndGlobalSection
EndGlobal
