
Microsoft Visual Studio Solution File, Format Version 12.00
# Visual Studio Version 16
VisualStudioVersion = 16.0.32901.82
MinimumVisualStudioVersion = 10.0.40219.1
Project("{FAE04EC0-301F-11D3-BF4B-00C04F79EFBC}") = "EjercicioPuzle", "EjercicioPuzle\EjercicioPuzle.csproj", "{8D839053-EE92-4247-9094-068929C5D237}"
EndProject
Global
	GlobalSection(SolutionConfigurationPlatforms) = preSolution
		Debug|Any CPU = Debug|Any CPU
		Release|Any CPU = Release|Any CPU
	EndGlobalSection
	GlobalSection(ProjectConfigurationPlatforms) = postSolution
		{8D839053-EE92-4247-9094-068929C5D237}.Debug|Any CPU.ActiveCfg = Debug|Any CPU
		{8D839053-EE92-4247-9094-068929C5D237}.Debug|Any CPU.Build.0 = Debug|Any CPU
		{8D839053-EE92-4247-9094-068929C5D237}.Release|Any CPU.ActiveCfg = Release|Any CPU
		{8D839053-EE92-4247-9094-068929C5D237}.Release|Any CPU.Build.0 = Release|Any CPU
	EndGlobalSection
	GlobalSection(SolutionProperties) = preSolution
		HideSolutionNode = FALSE
	EndGlobalSection
	GlobalSection(ExtensibilityGlobals) = postSolution
		SolutionGuid = {46358431-8D6F-4779-BA96-2B10EF319F32}
	EndGlobalSection
EndGlobal
