
Microsoft Visual Studio Solution File, Format Version 12.00
# Visual Studio 15
Project("{FAE04EC0-301F-11D3-BF4B-00C04F79EFBC}") = "Oculus.Platform", "Oculus.Platform.csproj", "{C0B13EA0-C3FA-02C4-364D-8D585145F5D4}"
EndProject
Project("{FAE04EC0-301F-11D3-BF4B-00C04F79EFBC}") = "Assembly-CSharp", "Assembly-CSharp.csproj", "{62224D57-677E-478A-58D4-AE5FA3D58D4E}"
EndProject
Project("{FAE04EC0-301F-11D3-BF4B-00C04F79EFBC}") = "Oculus.Spatializer", "Oculus.Spatializer.csproj", "{923BBF0E-3630-5ADD-0CC5-F3ECEB28A0F8}"
EndProject
Project("{FAE04EC0-301F-11D3-BF4B-00C04F79EFBC}") = "Oculus.Interaction", "Oculus.Interaction.csproj", "{4CF19170-35EA-3DC2-856F-82F824DC52D2}"
EndProject
Project("{FAE04EC0-301F-11D3-BF4B-00C04F79EFBC}") = "Meta.WitAi", "Meta.WitAi.csproj", "{D635548B-8DD4-A852-DA48-D8E418B11284}"
EndProject
Project("{FAE04EC0-301F-11D3-BF4B-00C04F79EFBC}") = "Oculus.Interaction.OVR.Samples", "Oculus.Interaction.OVR.Samples.csproj", "{F3CDC68C-4CD6-0259-2A6B-FA967355D855}"
EndProject
Project("{FAE04EC0-301F-11D3-BF4B-00C04F79EFBC}") = "Oculus.VR", "Oculus.VR.csproj", "{D0E8CBC1-76C4-E8A9-8C72-7728CD974656}"
EndProject
Project("{FAE04EC0-301F-11D3-BF4B-00C04F79EFBC}") = "VoiceSDK.Dictation.Runtime", "VoiceSDK.Dictation.Runtime.csproj", "{867FC632-D47E-011B-3D82-85B87E803639}"
EndProject
Project("{FAE04EC0-301F-11D3-BF4B-00C04F79EFBC}") = "Meta.WitAi.TTS", "Meta.WitAi.TTS.csproj", "{0EA34D00-CB54-0C8B-A38C-8F5C12CA9379}"
EndProject
Project("{FAE04EC0-301F-11D3-BF4B-00C04F79EFBC}") = "Oculus.AudioManager", "Oculus.AudioManager.csproj", "{65CD5EDD-9211-0BC9-ED93-47E3B9E33BD9}"
EndProject
Project("{FAE04EC0-301F-11D3-BF4B-00C04F79EFBC}") = "VoiceSDK.Runtime", "VoiceSDK.Runtime.csproj", "{6F21E4CD-D00A-87CC-D658-B548F96EFA47}"
EndProject
Project("{FAE04EC0-301F-11D3-BF4B-00C04F79EFBC}") = "Facebook.Wit.Dictation", "Facebook.Wit.Dictation.csproj", "{6629E235-9891-5FC8-1382-8A30C5798EAD}"
EndProject
Project("{FAE04EC0-301F-11D3-BF4B-00C04F79EFBC}") = "Meta.WitAi.TTS.Samples", "Meta.WitAi.TTS.Samples.csproj", "{FF1BDBA6-E563-9B85-601C-186EE37BFB86}"
EndProject
Project("{FAE04EC0-301F-11D3-BF4B-00C04F79EFBC}") = "Oculus.Voice.Demo", "Oculus.Voice.Demo.csproj", "{01C54BB4-C835-D2AD-2428-02CC24E96A10}"
EndProject
Project("{FAE04EC0-301F-11D3-BF4B-00C04F79EFBC}") = "Meta.WitAi.Lib", "Meta.WitAi.Lib.csproj", "{9D723FEF-BEE2-7434-4760-4DEF2EEBEB27}"
EndProject
Project("{FAE04EC0-301F-11D3-BF4B-00C04F79EFBC}") = "Oculus.Interaction.OVR", "Oculus.Interaction.OVR.csproj", "{929548F6-3B22-5A00-9B68-49C679708156}"
EndProject
Project("{FAE04EC0-301F-11D3-BF4B-00C04F79EFBC}") = "AssistantCoreSDKRuntime", "AssistantCoreSDKRuntime.csproj", "{A03A3D0C-1778-E144-906D-C15370A07E05}"
EndProject
Project("{FAE04EC0-301F-11D3-BF4B-00C04F79EFBC}") = "Meta.WitAi.Conduit", "Meta.WitAi.Conduit.csproj", "{5FD2138D-933D-D3CE-30D6-809F4C579B96}"
EndProject
Project("{FAE04EC0-301F-11D3-BF4B-00C04F79EFBC}") = "Oculus.LipSync", "Oculus.LipSync.csproj", "{0070EDA8-0D16-9190-6F66-C7C253B889C5}"
EndProject
Project("{FAE04EC0-301F-11D3-BF4B-00C04F79EFBC}") = "Meta.VoiceSDK.Mic.Other", "Meta.VoiceSDK.Mic.Other.csproj", "{05EFA590-49DE-63FF-06F3-B9E8AC965C8E}"
EndProject
Project("{FAE04EC0-301F-11D3-BF4B-00C04F79EFBC}") = "Meta.VoiceSDK.Mic.Common", "Meta.VoiceSDK.Mic.Common.csproj", "{7496C531-38F6-FBC4-ED42-35310979142C}"
EndProject
Project("{FAE04EC0-301F-11D3-BF4B-00C04F79EFBC}") = "Meta.WitAi.Editor", "Meta.WitAi.Editor.csproj", "{91C5B85A-C953-3A83-42A1-8A72005EE03D}"
EndProject
Project("{FAE04EC0-301F-11D3-BF4B-00C04F79EFBC}") = "Meta.WitAi.Conduit.Editor", "Meta.WitAi.Conduit.Editor.csproj", "{AC0A1DF8-A05D-92DE-216A-66B6F5A3F4D6}"
EndProject
Project("{FAE04EC0-301F-11D3-BF4B-00C04F79EFBC}") = "Oculus.Interaction.Editor", "Oculus.Interaction.Editor.csproj", "{46EE3A7F-5446-8E0C-5FAB-C4B0AE08BE69}"
EndProject
Project("{FAE04EC0-301F-11D3-BF4B-00C04F79EFBC}") = "Meta.WitAI.Lib.Editor", "Meta.WitAI.Lib.Editor.csproj", "{C23DBDB0-CE19-7C53-F49E-06081F364E3E}"
EndProject
Project("{FAE04EC0-301F-11D3-BF4B-00C04F79EFBC}") = "Oculus.VR.Editor", "Oculus.VR.Editor.csproj", "{84323BA0-D85D-6B5E-2172-DFDDFFB49135}"
EndProject
Project("{FAE04EC0-301F-11D3-BF4B-00C04F79EFBC}") = "Oculus.Interaction.OVR.Editor", "Oculus.Interaction.OVR.Editor.csproj", "{29C092C3-AAB9-D7B8-DEDE-CCFD6801A08F}"
EndProject
Project("{FAE04EC0-301F-11D3-BF4B-00C04F79EFBC}") = "Assembly-CSharp-Editor", "Assembly-CSharp-Editor.csproj", "{B90719B9-B78A-765D-FAE9-92183AE514AA}"
EndProject
Project("{FAE04EC0-301F-11D3-BF4B-00C04F79EFBC}") = "Oculus.Interaction.Samples.Editor", "Oculus.Interaction.Samples.Editor.csproj", "{EF0CC911-530F-C294-7E91-9D02F022887F}"
EndProject
Project("{FAE04EC0-301F-11D3-BF4B-00C04F79EFBC}") = "Oculus.VR.Scripts.Editor", "Oculus.VR.Scripts.Editor.csproj", "{8BA7431F-A8A6-9BA4-E357-CD35DF97C9F1}"
EndProject
Project("{FAE04EC0-301F-11D3-BF4B-00C04F79EFBC}") = "VoiceSDK.Editor", "VoiceSDK.Editor.csproj", "{279AE66E-3496-C946-7234-119BD23504FE}"
EndProject
Project("{FAE04EC0-301F-11D3-BF4B-00C04F79EFBC}") = "Oculus.Spatializer.Editor", "Oculus.Spatializer.Editor.csproj", "{83B6930C-51EA-340A-7DED-05DC67FAF122}"
EndProject
Project("{FAE04EC0-301F-11D3-BF4B-00C04F79EFBC}") = "Meta.WitAi.TTS.Editor", "Meta.WitAi.TTS.Editor.csproj", "{1F6D4A88-80F0-8D5F-3F1E-273E54B3A7E1}"
EndProject
Project("{FAE04EC0-301F-11D3-BF4B-00C04F79EFBC}") = "Facebook.Wit.Dictation.Editor", "Facebook.Wit.Dictation.Editor.csproj", "{C75002C6-B317-0A88-EF5C-A7EBBFAEF26A}"
EndProject
Project("{FAE04EC0-301F-11D3-BF4B-00C04F79EFBC}") = "VoiceSDK.Dictation.Editor", "VoiceSDK.Dictation.Editor.csproj", "{56D7939B-F3DE-CAD9-92EF-1F8307C42D61}"
EndProject
Project("{FAE04EC0-301F-11D3-BF4B-00C04F79EFBC}") = "Oculus.Platform.Editor", "Oculus.Platform.Editor.csproj", "{4E5F4E93-622C-5300-8040-A9FCED9DB755}"
EndProject
Project("{FAE04EC0-301F-11D3-BF4B-00C04F79EFBC}") = "Oculus.AudioManager.Audio.Editor", "Oculus.AudioManager.Audio.Editor.csproj", "{F6353F8A-80FF-856A-B8D9-3CFCD85F54AF}"
EndProject
Project("{FAE04EC0-301F-11D3-BF4B-00C04F79EFBC}") = "Oculus.Interaction.InterfaceSupport", "Oculus.Interaction.InterfaceSupport.csproj", "{D7E0BF2A-5BAD-1B4E-71E5-FFEB640C0BD6}"
EndProject
Project("{FAE04EC0-301F-11D3-BF4B-00C04F79EFBC}") = "Oculus.LipSync.Editor", "Oculus.LipSync.Editor.csproj", "{4464B7F8-EF16-03EF-DE28-989C9F0D5798}"
EndProject
Project("{FAE04EC0-301F-11D3-BF4B-00C04F79EFBC}") = "AssistantCoreSDKEditor", "AssistantCoreSDKEditor.csproj", "{245057FE-B9FE-EB2F-A09F-ED2CCACC762D}"
EndProject
Project("{FAE04EC0-301F-11D3-BF4B-00C04F79EFBC}") = "Oculus.AudioManager.Utils.Editor", "Oculus.AudioManager.Utils.Editor.csproj", "{52EDEE03-A6B4-4828-B632-5224D7DCADF3}"
EndProject
Global
	GlobalSection(SolutionConfigurationPlatforms) = preSolution
		Debug|Any CPU = Debug|Any CPU
		Release|Any CPU = Release|Any CPU
	EndGlobalSection
	GlobalSection(ProjectConfigurationPlatforms) = postSolution
		{C0B13EA0-C3FA-02C4-364D-8D585145F5D4}.Debug|Any CPU.ActiveCfg = Debug|Any CPU
		{C0B13EA0-C3FA-02C4-364D-8D585145F5D4}.Debug|Any CPU.Build.0 = Debug|Any CPU
		{C0B13EA0-C3FA-02C4-364D-8D585145F5D4}.Release|Any CPU.ActiveCfg = Release|Any CPU
		{C0B13EA0-C3FA-02C4-364D-8D585145F5D4}.Release|Any CPU.Build.0 = Release|Any CPU
		{62224D57-677E-478A-58D4-AE5FA3D58D4E}.Debug|Any CPU.ActiveCfg = Debug|Any CPU
		{62224D57-677E-478A-58D4-AE5FA3D58D4E}.Debug|Any CPU.Build.0 = Debug|Any CPU
		{62224D57-677E-478A-58D4-AE5FA3D58D4E}.Release|Any CPU.ActiveCfg = Release|Any CPU
		{62224D57-677E-478A-58D4-AE5FA3D58D4E}.Release|Any CPU.Build.0 = Release|Any CPU
		{923BBF0E-3630-5ADD-0CC5-F3ECEB28A0F8}.Debug|Any CPU.ActiveCfg = Debug|Any CPU
		{923BBF0E-3630-5ADD-0CC5-F3ECEB28A0F8}.Debug|Any CPU.Build.0 = Debug|Any CPU
		{923BBF0E-3630-5ADD-0CC5-F3ECEB28A0F8}.Release|Any CPU.ActiveCfg = Release|Any CPU
		{923BBF0E-3630-5ADD-0CC5-F3ECEB28A0F8}.Release|Any CPU.Build.0 = Release|Any CPU
		{4CF19170-35EA-3DC2-856F-82F824DC52D2}.Debug|Any CPU.ActiveCfg = Debug|Any CPU
		{4CF19170-35EA-3DC2-856F-82F824DC52D2}.Debug|Any CPU.Build.0 = Debug|Any CPU
		{4CF19170-35EA-3DC2-856F-82F824DC52D2}.Release|Any CPU.ActiveCfg = Release|Any CPU
		{4CF19170-35EA-3DC2-856F-82F824DC52D2}.Release|Any CPU.Build.0 = Release|Any CPU
		{D635548B-8DD4-A852-DA48-D8E418B11284}.Debug|Any CPU.ActiveCfg = Debug|Any CPU
		{D635548B-8DD4-A852-DA48-D8E418B11284}.Debug|Any CPU.Build.0 = Debug|Any CPU
		{D635548B-8DD4-A852-DA48-D8E418B11284}.Release|Any CPU.ActiveCfg = Release|Any CPU
		{D635548B-8DD4-A852-DA48-D8E418B11284}.Release|Any CPU.Build.0 = Release|Any CPU
		{F3CDC68C-4CD6-0259-2A6B-FA967355D855}.Debug|Any CPU.ActiveCfg = Debug|Any CPU
		{F3CDC68C-4CD6-0259-2A6B-FA967355D855}.Debug|Any CPU.Build.0 = Debug|Any CPU
		{F3CDC68C-4CD6-0259-2A6B-FA967355D855}.Release|Any CPU.ActiveCfg = Release|Any CPU
		{F3CDC68C-4CD6-0259-2A6B-FA967355D855}.Release|Any CPU.Build.0 = Release|Any CPU
		{D0E8CBC1-76C4-E8A9-8C72-7728CD974656}.Debug|Any CPU.ActiveCfg = Debug|Any CPU
		{D0E8CBC1-76C4-E8A9-8C72-7728CD974656}.Debug|Any CPU.Build.0 = Debug|Any CPU
		{D0E8CBC1-76C4-E8A9-8C72-7728CD974656}.Release|Any CPU.ActiveCfg = Release|Any CPU
		{D0E8CBC1-76C4-E8A9-8C72-7728CD974656}.Release|Any CPU.Build.0 = Release|Any CPU
		{867FC632-D47E-011B-3D82-85B87E803639}.Debug|Any CPU.ActiveCfg = Debug|Any CPU
		{867FC632-D47E-011B-3D82-85B87E803639}.Debug|Any CPU.Build.0 = Debug|Any CPU
		{867FC632-D47E-011B-3D82-85B87E803639}.Release|Any CPU.ActiveCfg = Release|Any CPU
		{867FC632-D47E-011B-3D82-85B87E803639}.Release|Any CPU.Build.0 = Release|Any CPU
		{0EA34D00-CB54-0C8B-A38C-8F5C12CA9379}.Debug|Any CPU.ActiveCfg = Debug|Any CPU
		{0EA34D00-CB54-0C8B-A38C-8F5C12CA9379}.Debug|Any CPU.Build.0 = Debug|Any CPU
		{0EA34D00-CB54-0C8B-A38C-8F5C12CA9379}.Release|Any CPU.ActiveCfg = Release|Any CPU
		{0EA34D00-CB54-0C8B-A38C-8F5C12CA9379}.Release|Any CPU.Build.0 = Release|Any CPU
		{65CD5EDD-9211-0BC9-ED93-47E3B9E33BD9}.Debug|Any CPU.ActiveCfg = Debug|Any CPU
		{65CD5EDD-9211-0BC9-ED93-47E3B9E33BD9}.Debug|Any CPU.Build.0 = Debug|Any CPU
		{65CD5EDD-9211-0BC9-ED93-47E3B9E33BD9}.Release|Any CPU.ActiveCfg = Release|Any CPU
		{65CD5EDD-9211-0BC9-ED93-47E3B9E33BD9}.Release|Any CPU.Build.0 = Release|Any CPU
		{6F21E4CD-D00A-87CC-D658-B548F96EFA47}.Debug|Any CPU.ActiveCfg = Debug|Any CPU
		{6F21E4CD-D00A-87CC-D658-B548F96EFA47}.Debug|Any CPU.Build.0 = Debug|Any CPU
		{6F21E4CD-D00A-87CC-D658-B548F96EFA47}.Release|Any CPU.ActiveCfg = Release|Any CPU
		{6F21E4CD-D00A-87CC-D658-B548F96EFA47}.Release|Any CPU.Build.0 = Release|Any CPU
		{6629E235-9891-5FC8-1382-8A30C5798EAD}.Debug|Any CPU.ActiveCfg = Debug|Any CPU
		{6629E235-9891-5FC8-1382-8A30C5798EAD}.Debug|Any CPU.Build.0 = Debug|Any CPU
		{6629E235-9891-5FC8-1382-8A30C5798EAD}.Release|Any CPU.ActiveCfg = Release|Any CPU
		{6629E235-9891-5FC8-1382-8A30C5798EAD}.Release|Any CPU.Build.0 = Release|Any CPU
		{FF1BDBA6-E563-9B85-601C-186EE37BFB86}.Debug|Any CPU.ActiveCfg = Debug|Any CPU
		{FF1BDBA6-E563-9B85-601C-186EE37BFB86}.Debug|Any CPU.Build.0 = Debug|Any CPU
		{FF1BDBA6-E563-9B85-601C-186EE37BFB86}.Release|Any CPU.ActiveCfg = Release|Any CPU
		{FF1BDBA6-E563-9B85-601C-186EE37BFB86}.Release|Any CPU.Build.0 = Release|Any CPU
		{01C54BB4-C835-D2AD-2428-02CC24E96A10}.Debug|Any CPU.ActiveCfg = Debug|Any CPU
		{01C54BB4-C835-D2AD-2428-02CC24E96A10}.Debug|Any CPU.Build.0 = Debug|Any CPU
		{01C54BB4-C835-D2AD-2428-02CC24E96A10}.Release|Any CPU.ActiveCfg = Release|Any CPU
		{01C54BB4-C835-D2AD-2428-02CC24E96A10}.Release|Any CPU.Build.0 = Release|Any CPU
		{9D723FEF-BEE2-7434-4760-4DEF2EEBEB27}.Debug|Any CPU.ActiveCfg = Debug|Any CPU
		{9D723FEF-BEE2-7434-4760-4DEF2EEBEB27}.Debug|Any CPU.Build.0 = Debug|Any CPU
		{9D723FEF-BEE2-7434-4760-4DEF2EEBEB27}.Release|Any CPU.ActiveCfg = Release|Any CPU
		{9D723FEF-BEE2-7434-4760-4DEF2EEBEB27}.Release|Any CPU.Build.0 = Release|Any CPU
		{929548F6-3B22-5A00-9B68-49C679708156}.Debug|Any CPU.ActiveCfg = Debug|Any CPU
		{929548F6-3B22-5A00-9B68-49C679708156}.Debug|Any CPU.Build.0 = Debug|Any CPU
		{929548F6-3B22-5A00-9B68-49C679708156}.Release|Any CPU.ActiveCfg = Release|Any CPU
		{929548F6-3B22-5A00-9B68-49C679708156}.Release|Any CPU.Build.0 = Release|Any CPU
		{A03A3D0C-1778-E144-906D-C15370A07E05}.Debug|Any CPU.ActiveCfg = Debug|Any CPU
		{A03A3D0C-1778-E144-906D-C15370A07E05}.Debug|Any CPU.Build.0 = Debug|Any CPU
		{A03A3D0C-1778-E144-906D-C15370A07E05}.Release|Any CPU.ActiveCfg = Release|Any CPU
		{A03A3D0C-1778-E144-906D-C15370A07E05}.Release|Any CPU.Build.0 = Release|Any CPU
		{5FD2138D-933D-D3CE-30D6-809F4C579B96}.Debug|Any CPU.ActiveCfg = Debug|Any CPU
		{5FD2138D-933D-D3CE-30D6-809F4C579B96}.Debug|Any CPU.Build.0 = Debug|Any CPU
		{5FD2138D-933D-D3CE-30D6-809F4C579B96}.Release|Any CPU.ActiveCfg = Release|Any CPU
		{5FD2138D-933D-D3CE-30D6-809F4C579B96}.Release|Any CPU.Build.0 = Release|Any CPU
		{0070EDA8-0D16-9190-6F66-C7C253B889C5}.Debug|Any CPU.ActiveCfg = Debug|Any CPU
		{0070EDA8-0D16-9190-6F66-C7C253B889C5}.Debug|Any CPU.Build.0 = Debug|Any CPU
		{0070EDA8-0D16-9190-6F66-C7C253B889C5}.Release|Any CPU.ActiveCfg = Release|Any CPU
		{0070EDA8-0D16-9190-6F66-C7C253B889C5}.Release|Any CPU.Build.0 = Release|Any CPU
		{05EFA590-49DE-63FF-06F3-B9E8AC965C8E}.Debug|Any CPU.ActiveCfg = Debug|Any CPU
		{05EFA590-49DE-63FF-06F3-B9E8AC965C8E}.Debug|Any CPU.Build.0 = Debug|Any CPU
		{05EFA590-49DE-63FF-06F3-B9E8AC965C8E}.Release|Any CPU.ActiveCfg = Release|Any CPU
		{05EFA590-49DE-63FF-06F3-B9E8AC965C8E}.Release|Any CPU.Build.0 = Release|Any CPU
		{7496C531-38F6-FBC4-ED42-35310979142C}.Debug|Any CPU.ActiveCfg = Debug|Any CPU
		{7496C531-38F6-FBC4-ED42-35310979142C}.Debug|Any CPU.Build.0 = Debug|Any CPU
		{7496C531-38F6-FBC4-ED42-35310979142C}.Release|Any CPU.ActiveCfg = Release|Any CPU
		{7496C531-38F6-FBC4-ED42-35310979142C}.Release|Any CPU.Build.0 = Release|Any CPU
		{91C5B85A-C953-3A83-42A1-8A72005EE03D}.Debug|Any CPU.ActiveCfg = Debug|Any CPU
		{91C5B85A-C953-3A83-42A1-8A72005EE03D}.Debug|Any CPU.Build.0 = Debug|Any CPU
		{91C5B85A-C953-3A83-42A1-8A72005EE03D}.Release|Any CPU.ActiveCfg = Release|Any CPU
		{91C5B85A-C953-3A83-42A1-8A72005EE03D}.Release|Any CPU.Build.0 = Release|Any CPU
		{AC0A1DF8-A05D-92DE-216A-66B6F5A3F4D6}.Debug|Any CPU.ActiveCfg = Debug|Any CPU
		{AC0A1DF8-A05D-92DE-216A-66B6F5A3F4D6}.Debug|Any CPU.Build.0 = Debug|Any CPU
		{AC0A1DF8-A05D-92DE-216A-66B6F5A3F4D6}.Release|Any CPU.ActiveCfg = Release|Any CPU
		{AC0A1DF8-A05D-92DE-216A-66B6F5A3F4D6}.Release|Any CPU.Build.0 = Release|Any CPU
		{46EE3A7F-5446-8E0C-5FAB-C4B0AE08BE69}.Debug|Any CPU.ActiveCfg = Debug|Any CPU
		{46EE3A7F-5446-8E0C-5FAB-C4B0AE08BE69}.Debug|Any CPU.Build.0 = Debug|Any CPU
		{46EE3A7F-5446-8E0C-5FAB-C4B0AE08BE69}.Release|Any CPU.ActiveCfg = Release|Any CPU
		{46EE3A7F-5446-8E0C-5FAB-C4B0AE08BE69}.Release|Any CPU.Build.0 = Release|Any CPU
		{C23DBDB0-CE19-7C53-F49E-06081F364E3E}.Debug|Any CPU.ActiveCfg = Debug|Any CPU
		{C23DBDB0-CE19-7C53-F49E-06081F364E3E}.Debug|Any CPU.Build.0 = Debug|Any CPU
		{C23DBDB0-CE19-7C53-F49E-06081F364E3E}.Release|Any CPU.ActiveCfg = Release|Any CPU
		{C23DBDB0-CE19-7C53-F49E-06081F364E3E}.Release|Any CPU.Build.0 = Release|Any CPU
		{84323BA0-D85D-6B5E-2172-DFDDFFB49135}.Debug|Any CPU.ActiveCfg = Debug|Any CPU
		{84323BA0-D85D-6B5E-2172-DFDDFFB49135}.Debug|Any CPU.Build.0 = Debug|Any CPU
		{84323BA0-D85D-6B5E-2172-DFDDFFB49135}.Release|Any CPU.ActiveCfg = Release|Any CPU
		{84323BA0-D85D-6B5E-2172-DFDDFFB49135}.Release|Any CPU.Build.0 = Release|Any CPU
		{29C092C3-AAB9-D7B8-DEDE-CCFD6801A08F}.Debug|Any CPU.ActiveCfg = Debug|Any CPU
		{29C092C3-AAB9-D7B8-DEDE-CCFD6801A08F}.Debug|Any CPU.Build.0 = Debug|Any CPU
		{29C092C3-AAB9-D7B8-DEDE-CCFD6801A08F}.Release|Any CPU.ActiveCfg = Release|Any CPU
		{29C092C3-AAB9-D7B8-DEDE-CCFD6801A08F}.Release|Any CPU.Build.0 = Release|Any CPU
		{B90719B9-B78A-765D-FAE9-92183AE514AA}.Debug|Any CPU.ActiveCfg = Debug|Any CPU
		{B90719B9-B78A-765D-FAE9-92183AE514AA}.Debug|Any CPU.Build.0 = Debug|Any CPU
		{B90719B9-B78A-765D-FAE9-92183AE514AA}.Release|Any CPU.ActiveCfg = Release|Any CPU
		{B90719B9-B78A-765D-FAE9-92183AE514AA}.Release|Any CPU.Build.0 = Release|Any CPU
		{EF0CC911-530F-C294-7E91-9D02F022887F}.Debug|Any CPU.ActiveCfg = Debug|Any CPU
		{EF0CC911-530F-C294-7E91-9D02F022887F}.Debug|Any CPU.Build.0 = Debug|Any CPU
		{EF0CC911-530F-C294-7E91-9D02F022887F}.Release|Any CPU.ActiveCfg = Release|Any CPU
		{EF0CC911-530F-C294-7E91-9D02F022887F}.Release|Any CPU.Build.0 = Release|Any CPU
		{8BA7431F-A8A6-9BA4-E357-CD35DF97C9F1}.Debug|Any CPU.ActiveCfg = Debug|Any CPU
		{8BA7431F-A8A6-9BA4-E357-CD35DF97C9F1}.Debug|Any CPU.Build.0 = Debug|Any CPU
		{8BA7431F-A8A6-9BA4-E357-CD35DF97C9F1}.Release|Any CPU.ActiveCfg = Release|Any CPU
		{8BA7431F-A8A6-9BA4-E357-CD35DF97C9F1}.Release|Any CPU.Build.0 = Release|Any CPU
		{279AE66E-3496-C946-7234-119BD23504FE}.Debug|Any CPU.ActiveCfg = Debug|Any CPU
		{279AE66E-3496-C946-7234-119BD23504FE}.Debug|Any CPU.Build.0 = Debug|Any CPU
		{279AE66E-3496-C946-7234-119BD23504FE}.Release|Any CPU.ActiveCfg = Release|Any CPU
		{279AE66E-3496-C946-7234-119BD23504FE}.Release|Any CPU.Build.0 = Release|Any CPU
		{83B6930C-51EA-340A-7DED-05DC67FAF122}.Debug|Any CPU.ActiveCfg = Debug|Any CPU
		{83B6930C-51EA-340A-7DED-05DC67FAF122}.Debug|Any CPU.Build.0 = Debug|Any CPU
		{83B6930C-51EA-340A-7DED-05DC67FAF122}.Release|Any CPU.ActiveCfg = Release|Any CPU
		{83B6930C-51EA-340A-7DED-05DC67FAF122}.Release|Any CPU.Build.0 = Release|Any CPU
		{1F6D4A88-80F0-8D5F-3F1E-273E54B3A7E1}.Debug|Any CPU.ActiveCfg = Debug|Any CPU
		{1F6D4A88-80F0-8D5F-3F1E-273E54B3A7E1}.Debug|Any CPU.Build.0 = Debug|Any CPU
		{1F6D4A88-80F0-8D5F-3F1E-273E54B3A7E1}.Release|Any CPU.ActiveCfg = Release|Any CPU
		{1F6D4A88-80F0-8D5F-3F1E-273E54B3A7E1}.Release|Any CPU.Build.0 = Release|Any CPU
		{C75002C6-B317-0A88-EF5C-A7EBBFAEF26A}.Debug|Any CPU.ActiveCfg = Debug|Any CPU
		{C75002C6-B317-0A88-EF5C-A7EBBFAEF26A}.Debug|Any CPU.Build.0 = Debug|Any CPU
		{C75002C6-B317-0A88-EF5C-A7EBBFAEF26A}.Release|Any CPU.ActiveCfg = Release|Any CPU
		{C75002C6-B317-0A88-EF5C-A7EBBFAEF26A}.Release|Any CPU.Build.0 = Release|Any CPU
		{56D7939B-F3DE-CAD9-92EF-1F8307C42D61}.Debug|Any CPU.ActiveCfg = Debug|Any CPU
		{56D7939B-F3DE-CAD9-92EF-1F8307C42D61}.Debug|Any CPU.Build.0 = Debug|Any CPU
		{56D7939B-F3DE-CAD9-92EF-1F8307C42D61}.Release|Any CPU.ActiveCfg = Release|Any CPU
		{56D7939B-F3DE-CAD9-92EF-1F8307C42D61}.Release|Any CPU.Build.0 = Release|Any CPU
		{4E5F4E93-622C-5300-8040-A9FCED9DB755}.Debug|Any CPU.ActiveCfg = Debug|Any CPU
		{4E5F4E93-622C-5300-8040-A9FCED9DB755}.Debug|Any CPU.Build.0 = Debug|Any CPU
		{4E5F4E93-622C-5300-8040-A9FCED9DB755}.Release|Any CPU.ActiveCfg = Release|Any CPU
		{4E5F4E93-622C-5300-8040-A9FCED9DB755}.Release|Any CPU.Build.0 = Release|Any CPU
		{F6353F8A-80FF-856A-B8D9-3CFCD85F54AF}.Debug|Any CPU.ActiveCfg = Debug|Any CPU
		{F6353F8A-80FF-856A-B8D9-3CFCD85F54AF}.Debug|Any CPU.Build.0 = Debug|Any CPU
		{F6353F8A-80FF-856A-B8D9-3CFCD85F54AF}.Release|Any CPU.ActiveCfg = Release|Any CPU
		{F6353F8A-80FF-856A-B8D9-3CFCD85F54AF}.Release|Any CPU.Build.0 = Release|Any CPU
		{D7E0BF2A-5BAD-1B4E-71E5-FFEB640C0BD6}.Debug|Any CPU.ActiveCfg = Debug|Any CPU
		{D7E0BF2A-5BAD-1B4E-71E5-FFEB640C0BD6}.Debug|Any CPU.Build.0 = Debug|Any CPU
		{D7E0BF2A-5BAD-1B4E-71E5-FFEB640C0BD6}.Release|Any CPU.ActiveCfg = Release|Any CPU
		{D7E0BF2A-5BAD-1B4E-71E5-FFEB640C0BD6}.Release|Any CPU.Build.0 = Release|Any CPU
		{4464B7F8-EF16-03EF-DE28-989C9F0D5798}.Debug|Any CPU.ActiveCfg = Debug|Any CPU
		{4464B7F8-EF16-03EF-DE28-989C9F0D5798}.Debug|Any CPU.Build.0 = Debug|Any CPU
		{4464B7F8-EF16-03EF-DE28-989C9F0D5798}.Release|Any CPU.ActiveCfg = Release|Any CPU
		{4464B7F8-EF16-03EF-DE28-989C9F0D5798}.Release|Any CPU.Build.0 = Release|Any CPU
		{245057FE-B9FE-EB2F-A09F-ED2CCACC762D}.Debug|Any CPU.ActiveCfg = Debug|Any CPU
		{245057FE-B9FE-EB2F-A09F-ED2CCACC762D}.Debug|Any CPU.Build.0 = Debug|Any CPU
		{245057FE-B9FE-EB2F-A09F-ED2CCACC762D}.Release|Any CPU.ActiveCfg = Release|Any CPU
		{245057FE-B9FE-EB2F-A09F-ED2CCACC762D}.Release|Any CPU.Build.0 = Release|Any CPU
		{52EDEE03-A6B4-4828-B632-5224D7DCADF3}.Debug|Any CPU.ActiveCfg = Debug|Any CPU
		{52EDEE03-A6B4-4828-B632-5224D7DCADF3}.Debug|Any CPU.Build.0 = Debug|Any CPU
		{52EDEE03-A6B4-4828-B632-5224D7DCADF3}.Release|Any CPU.ActiveCfg = Release|Any CPU
		{52EDEE03-A6B4-4828-B632-5224D7DCADF3}.Release|Any CPU.Build.0 = Release|Any CPU
	EndGlobalSection
	GlobalSection(SolutionProperties) = preSolution
		HideSolutionNode = FALSE
	EndGlobalSection
EndGlobal
