
Microsoft Visual Studio Solution File, Format Version 12.00
# Visual Studio 15
Project("{FAE04EC0-301F-11D3-BF4B-00C04F79EFBC}") = "Oculus.Platform", "Oculus.Platform.csproj", "{F9D87BF0-21DA-21D7-8C27-CD06BAF52167}"
EndProject
Project("{FAE04EC0-301F-11D3-BF4B-00C04F79EFBC}") = "Assembly-CSharp", "Assembly-CSharp.csproj", "{4D2C0461-4A08-F59E-A2A8-B8FA903C1DC6}"
EndProject
Project("{FAE04EC0-301F-11D3-BF4B-00C04F79EFBC}") = "Oculus.Spatializer", "Oculus.Spatializer.csproj", "{F2CC6124-8B72-1AAA-17FA-6FFDFDFDBBD0}"
EndProject
Project("{FAE04EC0-301F-11D3-BF4B-00C04F79EFBC}") = "Oculus.Interaction", "Oculus.Interaction.csproj", "{39FC970B-7692-BCAE-66CF-A73621C9E903}"
EndProject
Project("{FAE04EC0-301F-11D3-BF4B-00C04F79EFBC}") = "Meta.WitAi", "Meta.WitAi.csproj", "{C107675F-F88F-942F-BB34-EE1ACFCCD2E7}"
EndProject
Project("{FAE04EC0-301F-11D3-BF4B-00C04F79EFBC}") = "Oculus.Interaction.OVR.Samples", "Oculus.Interaction.OVR.Samples.csproj", "{793AE989-E80D-B9D2-0097-4148FAEB2F3A}"
EndProject
Project("{FAE04EC0-301F-11D3-BF4B-00C04F79EFBC}") = "Oculus.VR", "Oculus.VR.csproj", "{8C2B44D7-9E14-CDA9-B90B-54CC3BFEE044}"
EndProject
Project("{FAE04EC0-301F-11D3-BF4B-00C04F79EFBC}") = "VoiceSDK.Dictation.Runtime", "VoiceSDK.Dictation.Runtime.csproj", "{C5FB4BEA-CE50-BF07-3F78-5F1C8C7E14EB}"
EndProject
Project("{FAE04EC0-301F-11D3-BF4B-00C04F79EFBC}") = "Meta.WitAi.TTS", "Meta.WitAi.TTS.csproj", "{EA1745E6-0F59-EDAF-0CDF-DE18E0DED66A}"
EndProject
Project("{FAE04EC0-301F-11D3-BF4B-00C04F79EFBC}") = "Oculus.AudioManager", "Oculus.AudioManager.csproj", "{ADB64913-3736-2E0F-70D7-91DC5A8FC53B}"
EndProject
Project("{FAE04EC0-301F-11D3-BF4B-00C04F79EFBC}") = "VoiceSDK.Runtime", "VoiceSDK.Runtime.csproj", "{AE9EB685-1B79-AAC0-7896-0C1FD94A2975}"
EndProject
Project("{FAE04EC0-301F-11D3-BF4B-00C04F79EFBC}") = "Facebook.Wit.Dictation", "Facebook.Wit.Dictation.csproj", "{75060064-0436-889E-45FC-3517D8395554}"
EndProject
Project("{FAE04EC0-301F-11D3-BF4B-00C04F79EFBC}") = "Meta.WitAi.Lib", "Meta.WitAi.Lib.csproj", "{464978BC-A838-C09D-2D3C-6A4A4996E842}"
EndProject
Project("{FAE04EC0-301F-11D3-BF4B-00C04F79EFBC}") = "Meta.WitAi.TTS.Samples", "Meta.WitAi.TTS.Samples.csproj", "{4043351A-BBF0-B7EB-2CA6-B32946E38E99}"
EndProject
Project("{FAE04EC0-301F-11D3-BF4B-00C04F79EFBC}") = "Oculus.Voice.Demo", "Oculus.Voice.Demo.csproj", "{A4B2A0FC-63E7-5B91-B841-59232BBE9ABE}"
EndProject
Project("{FAE04EC0-301F-11D3-BF4B-00C04F79EFBC}") = "Oculus.Interaction.OVR", "Oculus.Interaction.OVR.csproj", "{AC37C6D8-1286-8CC3-08AE-7169F7F24EDD}"
EndProject
Project("{FAE04EC0-301F-11D3-BF4B-00C04F79EFBC}") = "AssistantCoreSDKRuntime", "AssistantCoreSDKRuntime.csproj", "{B989ACAC-62EC-FA0A-074B-0CA3747D6299}"
EndProject
Project("{FAE04EC0-301F-11D3-BF4B-00C04F79EFBC}") = "Meta.WitAi.Conduit", "Meta.WitAi.Conduit.csproj", "{C9E3900A-5673-495B-06C3-3AF15A7276AF}"
EndProject
Project("{FAE04EC0-301F-11D3-BF4B-00C04F79EFBC}") = "Oculus.LipSync", "Oculus.LipSync.csproj", "{67B539D5-6121-C3A6-65A3-1B988C265F69}"
EndProject
Project("{FAE04EC0-301F-11D3-BF4B-00C04F79EFBC}") = "Meta.VoiceSDK.Mic.Other", "Meta.VoiceSDK.Mic.Other.csproj", "{56A40788-0580-8661-48C5-D7C1811F6416}"
EndProject
Project("{FAE04EC0-301F-11D3-BF4B-00C04F79EFBC}") = "Meta.VoiceSDK.Mic.Common", "Meta.VoiceSDK.Mic.Common.csproj", "{91159008-F09D-FBC3-E525-93DCC2292A25}"
EndProject
Project("{FAE04EC0-301F-11D3-BF4B-00C04F79EFBC}") = "Meta.WitAi.Editor", "Meta.WitAi.Editor.csproj", "{613670F6-21D2-5921-CED5-5C60ADBA4782}"
EndProject
Project("{FAE04EC0-301F-11D3-BF4B-00C04F79EFBC}") = "Oculus.Interaction.Editor", "Oculus.Interaction.Editor.csproj", "{D7F9B0AD-097E-0BA1-B818-A13454304219}"
EndProject
Project("{FAE04EC0-301F-11D3-BF4B-00C04F79EFBC}") = "Meta.WitAI.Lib.Editor", "Meta.WitAI.Lib.Editor.csproj", "{15C08322-0566-4421-C0F7-6E1EE9187B51}"
EndProject
Project("{FAE04EC0-301F-11D3-BF4B-00C04F79EFBC}") = "Oculus.VR.Editor", "Oculus.VR.Editor.csproj", "{C7C887DD-B9C7-8F48-5898-6AE7B2AB24D0}"
EndProject
Project("{FAE04EC0-301F-11D3-BF4B-00C04F79EFBC}") = "Meta.WitAi.Conduit.Editor", "Meta.WitAi.Conduit.Editor.csproj", "{9AD75C8F-9BB1-AD9B-5264-88C8A7E26511}"
EndProject
Project("{FAE04EC0-301F-11D3-BF4B-00C04F79EFBC}") = "Oculus.Interaction.OVR.Editor", "Oculus.Interaction.OVR.Editor.csproj", "{91E0FDF3-817D-F0D1-638D-EF478DEDE5D6}"
EndProject
Project("{FAE04EC0-301F-11D3-BF4B-00C04F79EFBC}") = "Assembly-CSharp-Editor", "Assembly-CSharp-Editor.csproj", "{05926FA9-95F6-2630-AA8E-772174A76E59}"
EndProject
Project("{FAE04EC0-301F-11D3-BF4B-00C04F79EFBC}") = "Oculus.Interaction.Samples.Editor", "Oculus.Interaction.Samples.Editor.csproj", "{E7503EF8-49CF-F2A6-CF4F-EB03AE638FD9}"
EndProject
Project("{FAE04EC0-301F-11D3-BF4B-00C04F79EFBC}") = "Oculus.VR.Scripts.Editor", "Oculus.VR.Scripts.Editor.csproj", "{B6B0B041-8432-B5A9-BC56-CB2299A8737C}"
EndProject
Project("{FAE04EC0-301F-11D3-BF4B-00C04F79EFBC}") = "VoiceSDK.Editor", "VoiceSDK.Editor.csproj", "{3C514DCB-E0DB-DE69-836E-AE9AB0EAC348}"
EndProject
Project("{FAE04EC0-301F-11D3-BF4B-00C04F79EFBC}") = "Oculus.Spatializer.Editor", "Oculus.Spatializer.Editor.csproj", "{5112954F-FF90-B2B1-7E9F-2C589159C7C4}"
EndProject
Project("{FAE04EC0-301F-11D3-BF4B-00C04F79EFBC}") = "Meta.WitAi.TTS.Editor", "Meta.WitAi.TTS.Editor.csproj", "{40E8059F-12BC-63DC-5836-9AA9F4E83044}"
EndProject
Project("{FAE04EC0-301F-11D3-BF4B-00C04F79EFBC}") = "Facebook.Wit.Dictation.Editor", "Facebook.Wit.Dictation.Editor.csproj", "{3770102F-3C20-0B40-2C98-0574F65FAA7B}"
EndProject
Project("{FAE04EC0-301F-11D3-BF4B-00C04F79EFBC}") = "VoiceSDK.Dictation.Editor", "VoiceSDK.Dictation.Editor.csproj", "{F66AAA7D-E968-F62A-2FE9-891A2ED6FE14}"
EndProject
Project("{FAE04EC0-301F-11D3-BF4B-00C04F79EFBC}") = "Oculus.Platform.Editor", "Oculus.Platform.Editor.csproj", "{993E4648-3EBF-2D09-D2A1-B940F7921D2C}"
EndProject
Project("{FAE04EC0-301F-11D3-BF4B-00C04F79EFBC}") = "Oculus.AudioManager.Audio.Editor", "Oculus.AudioManager.Audio.Editor.csproj", "{FF2C5A81-D6BF-EF39-09BE-C2BDB0B5886E}"
EndProject
Project("{FAE04EC0-301F-11D3-BF4B-00C04F79EFBC}") = "Oculus.Interaction.InterfaceSupport", "Oculus.Interaction.InterfaceSupport.csproj", "{C54FC397-01C0-60BE-5ACB-6023BEF1DA0E}"
EndProject
Project("{FAE04EC0-301F-11D3-BF4B-00C04F79EFBC}") = "Oculus.LipSync.Editor", "Oculus.LipSync.Editor.csproj", "{AF5BCAC5-9514-C954-AF4B-7F44259CFC62}"
EndProject
Project("{FAE04EC0-301F-11D3-BF4B-00C04F79EFBC}") = "AssistantCoreSDKEditor", "AssistantCoreSDKEditor.csproj", "{2C3F31FB-77B9-8A46-787A-DCBAFBF36683}"
EndProject
Project("{FAE04EC0-301F-11D3-BF4B-00C04F79EFBC}") = "Oculus.AudioManager.Utils.Editor", "Oculus.AudioManager.Utils.Editor.csproj", "{90D7DF35-273A-1224-3197-E5F5D52DED1B}"
EndProject
Global
	GlobalSection(SolutionConfigurationPlatforms) = preSolution
		Debug|Any CPU = Debug|Any CPU
		Release|Any CPU = Release|Any CPU
	EndGlobalSection
	GlobalSection(ProjectConfigurationPlatforms) = postSolution
		{F9D87BF0-21DA-21D7-8C27-CD06BAF52167}.Debug|Any CPU.ActiveCfg = Debug|Any CPU
		{F9D87BF0-21DA-21D7-8C27-CD06BAF52167}.Debug|Any CPU.Build.0 = Debug|Any CPU
		{F9D87BF0-21DA-21D7-8C27-CD06BAF52167}.Release|Any CPU.ActiveCfg = Release|Any CPU
		{F9D87BF0-21DA-21D7-8C27-CD06BAF52167}.Release|Any CPU.Build.0 = Release|Any CPU
		{4D2C0461-4A08-F59E-A2A8-B8FA903C1DC6}.Debug|Any CPU.ActiveCfg = Debug|Any CPU
		{4D2C0461-4A08-F59E-A2A8-B8FA903C1DC6}.Debug|Any CPU.Build.0 = Debug|Any CPU
		{4D2C0461-4A08-F59E-A2A8-B8FA903C1DC6}.Release|Any CPU.ActiveCfg = Release|Any CPU
		{4D2C0461-4A08-F59E-A2A8-B8FA903C1DC6}.Release|Any CPU.Build.0 = Release|Any CPU
		{F2CC6124-8B72-1AAA-17FA-6FFDFDFDBBD0}.Debug|Any CPU.ActiveCfg = Debug|Any CPU
		{F2CC6124-8B72-1AAA-17FA-6FFDFDFDBBD0}.Debug|Any CPU.Build.0 = Debug|Any CPU
		{F2CC6124-8B72-1AAA-17FA-6FFDFDFDBBD0}.Release|Any CPU.ActiveCfg = Release|Any CPU
		{F2CC6124-8B72-1AAA-17FA-6FFDFDFDBBD0}.Release|Any CPU.Build.0 = Release|Any CPU
		{39FC970B-7692-BCAE-66CF-A73621C9E903}.Debug|Any CPU.ActiveCfg = Debug|Any CPU
		{39FC970B-7692-BCAE-66CF-A73621C9E903}.Debug|Any CPU.Build.0 = Debug|Any CPU
		{39FC970B-7692-BCAE-66CF-A73621C9E903}.Release|Any CPU.ActiveCfg = Release|Any CPU
		{39FC970B-7692-BCAE-66CF-A73621C9E903}.Release|Any CPU.Build.0 = Release|Any CPU
		{C107675F-F88F-942F-BB34-EE1ACFCCD2E7}.Debug|Any CPU.ActiveCfg = Debug|Any CPU
		{C107675F-F88F-942F-BB34-EE1ACFCCD2E7}.Debug|Any CPU.Build.0 = Debug|Any CPU
		{C107675F-F88F-942F-BB34-EE1ACFCCD2E7}.Release|Any CPU.ActiveCfg = Release|Any CPU
		{C107675F-F88F-942F-BB34-EE1ACFCCD2E7}.Release|Any CPU.Build.0 = Release|Any CPU
		{793AE989-E80D-B9D2-0097-4148FAEB2F3A}.Debug|Any CPU.ActiveCfg = Debug|Any CPU
		{793AE989-E80D-B9D2-0097-4148FAEB2F3A}.Debug|Any CPU.Build.0 = Debug|Any CPU
		{793AE989-E80D-B9D2-0097-4148FAEB2F3A}.Release|Any CPU.ActiveCfg = Release|Any CPU
		{793AE989-E80D-B9D2-0097-4148FAEB2F3A}.Release|Any CPU.Build.0 = Release|Any CPU
		{8C2B44D7-9E14-CDA9-B90B-54CC3BFEE044}.Debug|Any CPU.ActiveCfg = Debug|Any CPU
		{8C2B44D7-9E14-CDA9-B90B-54CC3BFEE044}.Debug|Any CPU.Build.0 = Debug|Any CPU
		{8C2B44D7-9E14-CDA9-B90B-54CC3BFEE044}.Release|Any CPU.ActiveCfg = Release|Any CPU
		{8C2B44D7-9E14-CDA9-B90B-54CC3BFEE044}.Release|Any CPU.Build.0 = Release|Any CPU
		{C5FB4BEA-CE50-BF07-3F78-5F1C8C7E14EB}.Debug|Any CPU.ActiveCfg = Debug|Any CPU
		{C5FB4BEA-CE50-BF07-3F78-5F1C8C7E14EB}.Debug|Any CPU.Build.0 = Debug|Any CPU
		{C5FB4BEA-CE50-BF07-3F78-5F1C8C7E14EB}.Release|Any CPU.ActiveCfg = Release|Any CPU
		{C5FB4BEA-CE50-BF07-3F78-5F1C8C7E14EB}.Release|Any CPU.Build.0 = Release|Any CPU
		{EA1745E6-0F59-EDAF-0CDF-DE18E0DED66A}.Debug|Any CPU.ActiveCfg = Debug|Any CPU
		{EA1745E6-0F59-EDAF-0CDF-DE18E0DED66A}.Debug|Any CPU.Build.0 = Debug|Any CPU
		{EA1745E6-0F59-EDAF-0CDF-DE18E0DED66A}.Release|Any CPU.ActiveCfg = Release|Any CPU
		{EA1745E6-0F59-EDAF-0CDF-DE18E0DED66A}.Release|Any CPU.Build.0 = Release|Any CPU
		{ADB64913-3736-2E0F-70D7-91DC5A8FC53B}.Debug|Any CPU.ActiveCfg = Debug|Any CPU
		{ADB64913-3736-2E0F-70D7-91DC5A8FC53B}.Debug|Any CPU.Build.0 = Debug|Any CPU
		{ADB64913-3736-2E0F-70D7-91DC5A8FC53B}.Release|Any CPU.ActiveCfg = Release|Any CPU
		{ADB64913-3736-2E0F-70D7-91DC5A8FC53B}.Release|Any CPU.Build.0 = Release|Any CPU
		{AE9EB685-1B79-AAC0-7896-0C1FD94A2975}.Debug|Any CPU.ActiveCfg = Debug|Any CPU
		{AE9EB685-1B79-AAC0-7896-0C1FD94A2975}.Debug|Any CPU.Build.0 = Debug|Any CPU
		{AE9EB685-1B79-AAC0-7896-0C1FD94A2975}.Release|Any CPU.ActiveCfg = Release|Any CPU
		{AE9EB685-1B79-AAC0-7896-0C1FD94A2975}.Release|Any CPU.Build.0 = Release|Any CPU
		{75060064-0436-889E-45FC-3517D8395554}.Debug|Any CPU.ActiveCfg = Debug|Any CPU
		{75060064-0436-889E-45FC-3517D8395554}.Debug|Any CPU.Build.0 = Debug|Any CPU
		{75060064-0436-889E-45FC-3517D8395554}.Release|Any CPU.ActiveCfg = Release|Any CPU
		{75060064-0436-889E-45FC-3517D8395554}.Release|Any CPU.Build.0 = Release|Any CPU
		{464978BC-A838-C09D-2D3C-6A4A4996E842}.Debug|Any CPU.ActiveCfg = Debug|Any CPU
		{464978BC-A838-C09D-2D3C-6A4A4996E842}.Debug|Any CPU.Build.0 = Debug|Any CPU
		{464978BC-A838-C09D-2D3C-6A4A4996E842}.Release|Any CPU.ActiveCfg = Release|Any CPU
		{464978BC-A838-C09D-2D3C-6A4A4996E842}.Release|Any CPU.Build.0 = Release|Any CPU
		{4043351A-BBF0-B7EB-2CA6-B32946E38E99}.Debug|Any CPU.ActiveCfg = Debug|Any CPU
		{4043351A-BBF0-B7EB-2CA6-B32946E38E99}.Debug|Any CPU.Build.0 = Debug|Any CPU
		{4043351A-BBF0-B7EB-2CA6-B32946E38E99}.Release|Any CPU.ActiveCfg = Release|Any CPU
		{4043351A-BBF0-B7EB-2CA6-B32946E38E99}.Release|Any CPU.Build.0 = Release|Any CPU
		{A4B2A0FC-63E7-5B91-B841-59232BBE9ABE}.Debug|Any CPU.ActiveCfg = Debug|Any CPU
		{A4B2A0FC-63E7-5B91-B841-59232BBE9ABE}.Debug|Any CPU.Build.0 = Debug|Any CPU
		{A4B2A0FC-63E7-5B91-B841-59232BBE9ABE}.Release|Any CPU.ActiveCfg = Release|Any CPU
		{A4B2A0FC-63E7-5B91-B841-59232BBE9ABE}.Release|Any CPU.Build.0 = Release|Any CPU
		{AC37C6D8-1286-8CC3-08AE-7169F7F24EDD}.Debug|Any CPU.ActiveCfg = Debug|Any CPU
		{AC37C6D8-1286-8CC3-08AE-7169F7F24EDD}.Debug|Any CPU.Build.0 = Debug|Any CPU
		{AC37C6D8-1286-8CC3-08AE-7169F7F24EDD}.Release|Any CPU.ActiveCfg = Release|Any CPU
		{AC37C6D8-1286-8CC3-08AE-7169F7F24EDD}.Release|Any CPU.Build.0 = Release|Any CPU
		{B989ACAC-62EC-FA0A-074B-0CA3747D6299}.Debug|Any CPU.ActiveCfg = Debug|Any CPU
		{B989ACAC-62EC-FA0A-074B-0CA3747D6299}.Debug|Any CPU.Build.0 = Debug|Any CPU
		{B989ACAC-62EC-FA0A-074B-0CA3747D6299}.Release|Any CPU.ActiveCfg = Release|Any CPU
		{B989ACAC-62EC-FA0A-074B-0CA3747D6299}.Release|Any CPU.Build.0 = Release|Any CPU
		{C9E3900A-5673-495B-06C3-3AF15A7276AF}.Debug|Any CPU.ActiveCfg = Debug|Any CPU
		{C9E3900A-5673-495B-06C3-3AF15A7276AF}.Debug|Any CPU.Build.0 = Debug|Any CPU
		{C9E3900A-5673-495B-06C3-3AF15A7276AF}.Release|Any CPU.ActiveCfg = Release|Any CPU
		{C9E3900A-5673-495B-06C3-3AF15A7276AF}.Release|Any CPU.Build.0 = Release|Any CPU
		{67B539D5-6121-C3A6-65A3-1B988C265F69}.Debug|Any CPU.ActiveCfg = Debug|Any CPU
		{67B539D5-6121-C3A6-65A3-1B988C265F69}.Debug|Any CPU.Build.0 = Debug|Any CPU
		{67B539D5-6121-C3A6-65A3-1B988C265F69}.Release|Any CPU.ActiveCfg = Release|Any CPU
		{67B539D5-6121-C3A6-65A3-1B988C265F69}.Release|Any CPU.Build.0 = Release|Any CPU
		{56A40788-0580-8661-48C5-D7C1811F6416}.Debug|Any CPU.ActiveCfg = Debug|Any CPU
		{56A40788-0580-8661-48C5-D7C1811F6416}.Debug|Any CPU.Build.0 = Debug|Any CPU
		{56A40788-0580-8661-48C5-D7C1811F6416}.Release|Any CPU.ActiveCfg = Release|Any CPU
		{56A40788-0580-8661-48C5-D7C1811F6416}.Release|Any CPU.Build.0 = Release|Any CPU
		{91159008-F09D-FBC3-E525-93DCC2292A25}.Debug|Any CPU.ActiveCfg = Debug|Any CPU
		{91159008-F09D-FBC3-E525-93DCC2292A25}.Debug|Any CPU.Build.0 = Debug|Any CPU
		{91159008-F09D-FBC3-E525-93DCC2292A25}.Release|Any CPU.ActiveCfg = Release|Any CPU
		{91159008-F09D-FBC3-E525-93DCC2292A25}.Release|Any CPU.Build.0 = Release|Any CPU
		{613670F6-21D2-5921-CED5-5C60ADBA4782}.Debug|Any CPU.ActiveCfg = Debug|Any CPU
		{613670F6-21D2-5921-CED5-5C60ADBA4782}.Debug|Any CPU.Build.0 = Debug|Any CPU
		{613670F6-21D2-5921-CED5-5C60ADBA4782}.Release|Any CPU.ActiveCfg = Release|Any CPU
		{613670F6-21D2-5921-CED5-5C60ADBA4782}.Release|Any CPU.Build.0 = Release|Any CPU
		{D7F9B0AD-097E-0BA1-B818-A13454304219}.Debug|Any CPU.ActiveCfg = Debug|Any CPU
		{D7F9B0AD-097E-0BA1-B818-A13454304219}.Debug|Any CPU.Build.0 = Debug|Any CPU
		{D7F9B0AD-097E-0BA1-B818-A13454304219}.Release|Any CPU.ActiveCfg = Release|Any CPU
		{D7F9B0AD-097E-0BA1-B818-A13454304219}.Release|Any CPU.Build.0 = Release|Any CPU
		{15C08322-0566-4421-C0F7-6E1EE9187B51}.Debug|Any CPU.ActiveCfg = Debug|Any CPU
		{15C08322-0566-4421-C0F7-6E1EE9187B51}.Debug|Any CPU.Build.0 = Debug|Any CPU
		{15C08322-0566-4421-C0F7-6E1EE9187B51}.Release|Any CPU.ActiveCfg = Release|Any CPU
		{15C08322-0566-4421-C0F7-6E1EE9187B51}.Release|Any CPU.Build.0 = Release|Any CPU
		{C7C887DD-B9C7-8F48-5898-6AE7B2AB24D0}.Debug|Any CPU.ActiveCfg = Debug|Any CPU
		{C7C887DD-B9C7-8F48-5898-6AE7B2AB24D0}.Debug|Any CPU.Build.0 = Debug|Any CPU
		{C7C887DD-B9C7-8F48-5898-6AE7B2AB24D0}.Release|Any CPU.ActiveCfg = Release|Any CPU
		{C7C887DD-B9C7-8F48-5898-6AE7B2AB24D0}.Release|Any CPU.Build.0 = Release|Any CPU
		{9AD75C8F-9BB1-AD9B-5264-88C8A7E26511}.Debug|Any CPU.ActiveCfg = Debug|Any CPU
		{9AD75C8F-9BB1-AD9B-5264-88C8A7E26511}.Debug|Any CPU.Build.0 = Debug|Any CPU
		{9AD75C8F-9BB1-AD9B-5264-88C8A7E26511}.Release|Any CPU.ActiveCfg = Release|Any CPU
		{9AD75C8F-9BB1-AD9B-5264-88C8A7E26511}.Release|Any CPU.Build.0 = Release|Any CPU
		{91E0FDF3-817D-F0D1-638D-EF478DEDE5D6}.Debug|Any CPU.ActiveCfg = Debug|Any CPU
		{91E0FDF3-817D-F0D1-638D-EF478DEDE5D6}.Debug|Any CPU.Build.0 = Debug|Any CPU
		{91E0FDF3-817D-F0D1-638D-EF478DEDE5D6}.Release|Any CPU.ActiveCfg = Release|Any CPU
		{91E0FDF3-817D-F0D1-638D-EF478DEDE5D6}.Release|Any CPU.Build.0 = Release|Any CPU
		{05926FA9-95F6-2630-AA8E-772174A76E59}.Debug|Any CPU.ActiveCfg = Debug|Any CPU
		{05926FA9-95F6-2630-AA8E-772174A76E59}.Debug|Any CPU.Build.0 = Debug|Any CPU
		{05926FA9-95F6-2630-AA8E-772174A76E59}.Release|Any CPU.ActiveCfg = Release|Any CPU
		{05926FA9-95F6-2630-AA8E-772174A76E59}.Release|Any CPU.Build.0 = Release|Any CPU
		{E7503EF8-49CF-F2A6-CF4F-EB03AE638FD9}.Debug|Any CPU.ActiveCfg = Debug|Any CPU
		{E7503EF8-49CF-F2A6-CF4F-EB03AE638FD9}.Debug|Any CPU.Build.0 = Debug|Any CPU
		{E7503EF8-49CF-F2A6-CF4F-EB03AE638FD9}.Release|Any CPU.ActiveCfg = Release|Any CPU
		{E7503EF8-49CF-F2A6-CF4F-EB03AE638FD9}.Release|Any CPU.Build.0 = Release|Any CPU
		{B6B0B041-8432-B5A9-BC56-CB2299A8737C}.Debug|Any CPU.ActiveCfg = Debug|Any CPU
		{B6B0B041-8432-B5A9-BC56-CB2299A8737C}.Debug|Any CPU.Build.0 = Debug|Any CPU
		{B6B0B041-8432-B5A9-BC56-CB2299A8737C}.Release|Any CPU.ActiveCfg = Release|Any CPU
		{B6B0B041-8432-B5A9-BC56-CB2299A8737C}.Release|Any CPU.Build.0 = Release|Any CPU
		{3C514DCB-E0DB-DE69-836E-AE9AB0EAC348}.Debug|Any CPU.ActiveCfg = Debug|Any CPU
		{3C514DCB-E0DB-DE69-836E-AE9AB0EAC348}.Debug|Any CPU.Build.0 = Debug|Any CPU
		{3C514DCB-E0DB-DE69-836E-AE9AB0EAC348}.Release|Any CPU.ActiveCfg = Release|Any CPU
		{3C514DCB-E0DB-DE69-836E-AE9AB0EAC348}.Release|Any CPU.Build.0 = Release|Any CPU
		{5112954F-FF90-B2B1-7E9F-2C589159C7C4}.Debug|Any CPU.ActiveCfg = Debug|Any CPU
		{5112954F-FF90-B2B1-7E9F-2C589159C7C4}.Debug|Any CPU.Build.0 = Debug|Any CPU
		{5112954F-FF90-B2B1-7E9F-2C589159C7C4}.Release|Any CPU.ActiveCfg = Release|Any CPU
		{5112954F-FF90-B2B1-7E9F-2C589159C7C4}.Release|Any CPU.Build.0 = Release|Any CPU
		{40E8059F-12BC-63DC-5836-9AA9F4E83044}.Debug|Any CPU.ActiveCfg = Debug|Any CPU
		{40E8059F-12BC-63DC-5836-9AA9F4E83044}.Debug|Any CPU.Build.0 = Debug|Any CPU
		{40E8059F-12BC-63DC-5836-9AA9F4E83044}.Release|Any CPU.ActiveCfg = Release|Any CPU
		{40E8059F-12BC-63DC-5836-9AA9F4E83044}.Release|Any CPU.Build.0 = Release|Any CPU
		{3770102F-3C20-0B40-2C98-0574F65FAA7B}.Debug|Any CPU.ActiveCfg = Debug|Any CPU
		{3770102F-3C20-0B40-2C98-0574F65FAA7B}.Debug|Any CPU.Build.0 = Debug|Any CPU
		{3770102F-3C20-0B40-2C98-0574F65FAA7B}.Release|Any CPU.ActiveCfg = Release|Any CPU
		{3770102F-3C20-0B40-2C98-0574F65FAA7B}.Release|Any CPU.Build.0 = Release|Any CPU
		{F66AAA7D-E968-F62A-2FE9-891A2ED6FE14}.Debug|Any CPU.ActiveCfg = Debug|Any CPU
		{F66AAA7D-E968-F62A-2FE9-891A2ED6FE14}.Debug|Any CPU.Build.0 = Debug|Any CPU
		{F66AAA7D-E968-F62A-2FE9-891A2ED6FE14}.Release|Any CPU.ActiveCfg = Release|Any CPU
		{F66AAA7D-E968-F62A-2FE9-891A2ED6FE14}.Release|Any CPU.Build.0 = Release|Any CPU
		{993E4648-3EBF-2D09-D2A1-B940F7921D2C}.Debug|Any CPU.ActiveCfg = Debug|Any CPU
		{993E4648-3EBF-2D09-D2A1-B940F7921D2C}.Debug|Any CPU.Build.0 = Debug|Any CPU
		{993E4648-3EBF-2D09-D2A1-B940F7921D2C}.Release|Any CPU.ActiveCfg = Release|Any CPU
		{993E4648-3EBF-2D09-D2A1-B940F7921D2C}.Release|Any CPU.Build.0 = Release|Any CPU
		{FF2C5A81-D6BF-EF39-09BE-C2BDB0B5886E}.Debug|Any CPU.ActiveCfg = Debug|Any CPU
		{FF2C5A81-D6BF-EF39-09BE-C2BDB0B5886E}.Debug|Any CPU.Build.0 = Debug|Any CPU
		{FF2C5A81-D6BF-EF39-09BE-C2BDB0B5886E}.Release|Any CPU.ActiveCfg = Release|Any CPU
		{FF2C5A81-D6BF-EF39-09BE-C2BDB0B5886E}.Release|Any CPU.Build.0 = Release|Any CPU
		{C54FC397-01C0-60BE-5ACB-6023BEF1DA0E}.Debug|Any CPU.ActiveCfg = Debug|Any CPU
		{C54FC397-01C0-60BE-5ACB-6023BEF1DA0E}.Debug|Any CPU.Build.0 = Debug|Any CPU
		{C54FC397-01C0-60BE-5ACB-6023BEF1DA0E}.Release|Any CPU.ActiveCfg = Release|Any CPU
		{C54FC397-01C0-60BE-5ACB-6023BEF1DA0E}.Release|Any CPU.Build.0 = Release|Any CPU
		{AF5BCAC5-9514-C954-AF4B-7F44259CFC62}.Debug|Any CPU.ActiveCfg = Debug|Any CPU
		{AF5BCAC5-9514-C954-AF4B-7F44259CFC62}.Debug|Any CPU.Build.0 = Debug|Any CPU
		{AF5BCAC5-9514-C954-AF4B-7F44259CFC62}.Release|Any CPU.ActiveCfg = Release|Any CPU
		{AF5BCAC5-9514-C954-AF4B-7F44259CFC62}.Release|Any CPU.Build.0 = Release|Any CPU
		{2C3F31FB-77B9-8A46-787A-DCBAFBF36683}.Debug|Any CPU.ActiveCfg = Debug|Any CPU
		{2C3F31FB-77B9-8A46-787A-DCBAFBF36683}.Debug|Any CPU.Build.0 = Debug|Any CPU
		{2C3F31FB-77B9-8A46-787A-DCBAFBF36683}.Release|Any CPU.ActiveCfg = Release|Any CPU
		{2C3F31FB-77B9-8A46-787A-DCBAFBF36683}.Release|Any CPU.Build.0 = Release|Any CPU
		{90D7DF35-273A-1224-3197-E5F5D52DED1B}.Debug|Any CPU.ActiveCfg = Debug|Any CPU
		{90D7DF35-273A-1224-3197-E5F5D52DED1B}.Debug|Any CPU.Build.0 = Debug|Any CPU
		{90D7DF35-273A-1224-3197-E5F5D52DED1B}.Release|Any CPU.ActiveCfg = Release|Any CPU
		{90D7DF35-273A-1224-3197-E5F5D52DED1B}.Release|Any CPU.Build.0 = Release|Any CPU
	EndGlobalSection
	GlobalSection(SolutionProperties) = preSolution
		HideSolutionNode = FALSE
	EndGlobalSection
EndGlobal
