
Microsoft Visual Studio Solution File, Format Version 12.00
# Visual Studio 15
Project("{FAE04EC0-301F-11D3-BF4B-00C04F79EFBC}") = "Assembly-CSharp", "Assembly-CSharp.csproj", "{2E3014AD-79E3-E1A9-23AC-2C4D8A1C4D91}"
EndProject
Project("{FAE04EC0-301F-11D3-BF4B-00C04F79EFBC}") = "PhotonUnityNetworking.Demos", "PhotonUnityNetworking.Demos.csproj", "{95BC6C4C-F024-D8E1-EBB0-E78A06FB7BF0}"
EndProject
Project("{FAE04EC0-301F-11D3-BF4B-00C04F79EFBC}") = "PhotonRealtime", "PhotonRealtime.csproj", "{F9C64131-FDEA-430C-4D21-6A71B33ABDE7}"
EndProject
Project("{FAE04EC0-301F-11D3-BF4B-00C04F79EFBC}") = "PhotonUnityNetworking", "PhotonUnityNetworking.csproj", "{1D9CA43C-1604-401A-4CB3-055B68E38E70}"
EndProject
Project("{FAE04EC0-301F-11D3-BF4B-00C04F79EFBC}") = "PhotonUnityNetworking.Utilities", "PhotonUnityNetworking.Utilities.csproj", "{86800A94-6944-20F8-E991-46A97EAF7650}"
EndProject
Project("{FAE04EC0-301F-11D3-BF4B-00C04F79EFBC}") = "PhotonChat", "PhotonChat.csproj", "{416ADB99-AC38-7089-CE7B-282731D5D6AC}"
EndProject
Project("{FAE04EC0-301F-11D3-BF4B-00C04F79EFBC}") = "PhotonUnityNetworking.Editor", "PhotonUnityNetworking.Editor.csproj", "{EBEAA421-20B4-417C-1D1A-8ED9CD6CA04B}"
EndProject
Project("{FAE04EC0-301F-11D3-BF4B-00C04F79EFBC}") = "ParrelSync", "ParrelSync.csproj", "{F235B32B-7A90-7177-F33A-44C421F60FE9}"
EndProject
Project("{FAE04EC0-301F-11D3-BF4B-00C04F79EFBC}") = "PhotonUnityNetworking.Utilities.PhotonPlayer.Editor", "PhotonUnityNetworking.Utilities.PhotonPlayer.Editor.csproj", "{A8142862-F2F6-E853-2AD7-94317EC53FF7}"
EndProject
Project("{FAE04EC0-301F-11D3-BF4B-00C04F79EFBC}") = "PunDemos.DemoSlotcarEditor", "PunDemos.DemoSlotcarEditor.csproj", "{D37B1FF9-7811-6031-BF1A-6A586375A005}"
EndProject
Project("{FAE04EC0-301F-11D3-BF4B-00C04F79EFBC}") = "PhotonUnityNetworking.Utilities.Culling.Editor", "PhotonUnityNetworking.Utilities.Culling.Editor.csproj", "{90F34A15-9D6B-942C-A300-D6CA8C354B2C}"
EndProject
Project("{FAE04EC0-301F-11D3-BF4B-00C04F79EFBC}") = "PunDemos.DemoHubEditor", "PunDemos.DemoHubEditor.csproj", "{B6E215C2-3712-45F2-CB9B-D5155AADF9B3}"
EndProject
Project("{FAE04EC0-301F-11D3-BF4B-00C04F79EFBC}") = "Assembly-CSharp-Editor", "Assembly-CSharp-Editor.csproj", "{FF012E63-B007-D3A2-1E80-6670491F88AA}"
EndProject
Global
	GlobalSection(SolutionConfigurationPlatforms) = preSolution
		Debug|Any CPU = Debug|Any CPU
		Release|Any CPU = Release|Any CPU
	EndGlobalSection
	GlobalSection(ProjectConfigurationPlatforms) = postSolution
		{2E3014AD-79E3-E1A9-23AC-2C4D8A1C4D91}.Debug|Any CPU.ActiveCfg = Debug|Any CPU
		{2E3014AD-79E3-E1A9-23AC-2C4D8A1C4D91}.Debug|Any CPU.Build.0 = Debug|Any CPU
		{2E3014AD-79E3-E1A9-23AC-2C4D8A1C4D91}.Release|Any CPU.ActiveCfg = Release|Any CPU
		{2E3014AD-79E3-E1A9-23AC-2C4D8A1C4D91}.Release|Any CPU.Build.0 = Release|Any CPU
		{95BC6C4C-F024-D8E1-EBB0-E78A06FB7BF0}.Debug|Any CPU.ActiveCfg = Debug|Any CPU
		{95BC6C4C-F024-D8E1-EBB0-E78A06FB7BF0}.Debug|Any CPU.Build.0 = Debug|Any CPU
		{95BC6C4C-F024-D8E1-EBB0-E78A06FB7BF0}.Release|Any CPU.ActiveCfg = Release|Any CPU
		{95BC6C4C-F024-D8E1-EBB0-E78A06FB7BF0}.Release|Any CPU.Build.0 = Release|Any CPU
		{F9C64131-FDEA-430C-4D21-6A71B33ABDE7}.Debug|Any CPU.ActiveCfg = Debug|Any CPU
		{F9C64131-FDEA-430C-4D21-6A71B33ABDE7}.Debug|Any CPU.Build.0 = Debug|Any CPU
		{F9C64131-FDEA-430C-4D21-6A71B33ABDE7}.Release|Any CPU.ActiveCfg = Release|Any CPU
		{F9C64131-FDEA-430C-4D21-6A71B33ABDE7}.Release|Any CPU.Build.0 = Release|Any CPU
		{1D9CA43C-1604-401A-4CB3-055B68E38E70}.Debug|Any CPU.ActiveCfg = Debug|Any CPU
		{1D9CA43C-1604-401A-4CB3-055B68E38E70}.Debug|Any CPU.Build.0 = Debug|Any CPU
		{1D9CA43C-1604-401A-4CB3-055B68E38E70}.Release|Any CPU.ActiveCfg = Release|Any CPU
		{1D9CA43C-1604-401A-4CB3-055B68E38E70}.Release|Any CPU.Build.0 = Release|Any CPU
		{86800A94-6944-20F8-E991-46A97EAF7650}.Debug|Any CPU.ActiveCfg = Debug|Any CPU
		{86800A94-6944-20F8-E991-46A97EAF7650}.Debug|Any CPU.Build.0 = Debug|Any CPU
		{86800A94-6944-20F8-E991-46A97EAF7650}.Release|Any CPU.ActiveCfg = Release|Any CPU
		{86800A94-6944-20F8-E991-46A97EAF7650}.Release|Any CPU.Build.0 = Release|Any CPU
		{416ADB99-AC38-7089-CE7B-282731D5D6AC}.Debug|Any CPU.ActiveCfg = Debug|Any CPU
		{416ADB99-AC38-7089-CE7B-282731D5D6AC}.Debug|Any CPU.Build.0 = Debug|Any CPU
		{416ADB99-AC38-7089-CE7B-282731D5D6AC}.Release|Any CPU.ActiveCfg = Release|Any CPU
		{416ADB99-AC38-7089-CE7B-282731D5D6AC}.Release|Any CPU.Build.0 = Release|Any CPU
		{EBEAA421-20B4-417C-1D1A-8ED9CD6CA04B}.Debug|Any CPU.ActiveCfg = Debug|Any CPU
		{EBEAA421-20B4-417C-1D1A-8ED9CD6CA04B}.Debug|Any CPU.Build.0 = Debug|Any CPU
		{EBEAA421-20B4-417C-1D1A-8ED9CD6CA04B}.Release|Any CPU.ActiveCfg = Release|Any CPU
		{EBEAA421-20B4-417C-1D1A-8ED9CD6CA04B}.Release|Any CPU.Build.0 = Release|Any CPU
		{F235B32B-7A90-7177-F33A-44C421F60FE9}.Debug|Any CPU.ActiveCfg = Debug|Any CPU
		{F235B32B-7A90-7177-F33A-44C421F60FE9}.Debug|Any CPU.Build.0 = Debug|Any CPU
		{F235B32B-7A90-7177-F33A-44C421F60FE9}.Release|Any CPU.ActiveCfg = Release|Any CPU
		{F235B32B-7A90-7177-F33A-44C421F60FE9}.Release|Any CPU.Build.0 = Release|Any CPU
		{A8142862-F2F6-E853-2AD7-94317EC53FF7}.Debug|Any CPU.ActiveCfg = Debug|Any CPU
		{A8142862-F2F6-E853-2AD7-94317EC53FF7}.Debug|Any CPU.Build.0 = Debug|Any CPU
		{A8142862-F2F6-E853-2AD7-94317EC53FF7}.Release|Any CPU.ActiveCfg = Release|Any CPU
		{A8142862-F2F6-E853-2AD7-94317EC53FF7}.Release|Any CPU.Build.0 = Release|Any CPU
		{D37B1FF9-7811-6031-BF1A-6A586375A005}.Debug|Any CPU.ActiveCfg = Debug|Any CPU
		{D37B1FF9-7811-6031-BF1A-6A586375A005}.Debug|Any CPU.Build.0 = Debug|Any CPU
		{D37B1FF9-7811-6031-BF1A-6A586375A005}.Release|Any CPU.ActiveCfg = Release|Any CPU
		{D37B1FF9-7811-6031-BF1A-6A586375A005}.Release|Any CPU.Build.0 = Release|Any CPU
		{90F34A15-9D6B-942C-A300-D6CA8C354B2C}.Debug|Any CPU.ActiveCfg = Debug|Any CPU
		{90F34A15-9D6B-942C-A300-D6CA8C354B2C}.Debug|Any CPU.Build.0 = Debug|Any CPU
		{90F34A15-9D6B-942C-A300-D6CA8C354B2C}.Release|Any CPU.ActiveCfg = Release|Any CPU
		{90F34A15-9D6B-942C-A300-D6CA8C354B2C}.Release|Any CPU.Build.0 = Release|Any CPU
		{B6E215C2-3712-45F2-CB9B-D5155AADF9B3}.Debug|Any CPU.ActiveCfg = Debug|Any CPU
		{B6E215C2-3712-45F2-CB9B-D5155AADF9B3}.Debug|Any CPU.Build.0 = Debug|Any CPU
		{B6E215C2-3712-45F2-CB9B-D5155AADF9B3}.Release|Any CPU.ActiveCfg = Release|Any CPU
		{B6E215C2-3712-45F2-CB9B-D5155AADF9B3}.Release|Any CPU.Build.0 = Release|Any CPU
		{FF012E63-B007-D3A2-1E80-6670491F88AA}.Debug|Any CPU.ActiveCfg = Debug|Any CPU
		{FF012E63-B007-D3A2-1E80-6670491F88AA}.Debug|Any CPU.Build.0 = Debug|Any CPU
		{FF012E63-B007-D3A2-1E80-6670491F88AA}.Release|Any CPU.ActiveCfg = Release|Any CPU
		{FF012E63-B007-D3A2-1E80-6670491F88AA}.Release|Any CPU.Build.0 = Release|Any CPU
	EndGlobalSection
	GlobalSection(SolutionProperties) = preSolution
		HideSolutionNode = FALSE
	EndGlobalSection
EndGlobal
